// !$*UTF8*$!
{
	archiveVersion = 1;
	classes = {
	};
	objectVersion = 45;
	objects = {

/* Begin PBXBuildFile section */
		1F028EE4134A948C00AC53C6 /* libopencv_features2d.dylib in Frameworks */ = {isa = PBXBuildFile; fileRef = 1F028ED8134A948C00AC53C6 /* libopencv_features2d.dylib */; };
		1F028EE7134A948C00AC53C6 /* libopencv_highgui.dylib in Frameworks */ = {isa = PBXBuildFile; fileRef = 1F028EDB134A948C00AC53C6 /* libopencv_highgui.dylib */; };
		1F028EE8134A948C00AC53C6 /* libopencv_imgproc.dylib in Frameworks */ = {isa = PBXBuildFile; fileRef = 1F028EDC134A948C00AC53C6 /* libopencv_imgproc.dylib */; };
		1F028EEB134A948C00AC53C6 /* libopencv_objdetect.dylib in Frameworks */ = {isa = PBXBuildFile; fileRef = 1F028EDF134A948C00AC53C6 /* libopencv_objdetect.dylib */; };
		1F028EF0134A94B500AC53C6 /* libboost_filesystem.dylib in Frameworks */ = {isa = PBXBuildFile; fileRef = 1F028EED134A94B500AC53C6 /* libboost_filesystem.dylib */; };
		1F028EF1134A94B500AC53C6 /* libboost_program_options.dylib in Frameworks */ = {isa = PBXBuildFile; fileRef = 1F028EEE134A94B500AC53C6 /* libboost_program_options.dylib */; };
		1F028EF2134A94B500AC53C6 /* libboost_system.dylib in Frameworks */ = {isa = PBXBuildFile; fileRef = 1F028EEF134A94B500AC53C6 /* libboost_system.dylib */; };
		1F25A944134CBE75003CA658 /* Compress.cpp in Sources */ = {isa = PBXBuildFile; fileRef = 1F25A943134CBE75003CA658 /* Compress.cpp */; };
		1FAEB99A134BB7F00014C3C1 /* libopencv_core.dylib in Frameworks */ = {isa = PBXBuildFile; fileRef = 1FAEB999134BB7EF0014C3C1 /* libopencv_core.dylib */; };
		1FE662031343BD5300896670 /* main.cpp in Sources */ = {isa = PBXBuildFile; fileRef = 1FE662021343BD5300896670 /* main.cpp */; };
/* End PBXBuildFile section */

/* Begin PBXCopyFilesBuildPhase section */
		8DD76F690486A84900D96B5E /* CopyFiles */ = {
			isa = PBXCopyFilesBuildPhase;
			buildActionMask = 8;
			dstPath = /usr/share/man/man1/;
			dstSubfolderSpec = 0;
			files = (
			);
			runOnlyForDeploymentPostprocessing = 1;
		};
/* End PBXCopyFilesBuildPhase section */

/* Begin PBXFileReference section */
		1F028ED8134A948C00AC53C6 /* libopencv_features2d.dylib */ = {isa = PBXFileReference; lastKnownFileType = "compiled.mach-o.dylib"; name = libopencv_features2d.dylib; path = ../../../../../usr/local/lib/libopencv_features2d.dylib; sourceTree = "<group>"; };
		1F028EDB134A948C00AC53C6 /* libopencv_highgui.dylib */ = {isa = PBXFileReference; lastKnownFileType = "compiled.mach-o.dylib"; name = libopencv_highgui.dylib; path = /Users/jeff/Documents/Unlogo/logomunge/../../../../../usr/local/lib/libopencv_highgui.dylib; sourceTree = "<absolute>"; };
		1F028EDC134A948C00AC53C6 /* libopencv_imgproc.dylib */ = {isa = PBXFileReference; lastKnownFileType = "compiled.mach-o.dylib"; name = libopencv_imgproc.dylib; path = /Users/jeff/Documents/Unlogo/logomunge/../../../../../usr/local/lib/libopencv_imgproc.dylib; sourceTree = "<absolute>"; };
		1F028EDF134A948C00AC53C6 /* libopencv_objdetect.dylib */ = {isa = PBXFileReference; lastKnownFileType = "compiled.mach-o.dylib"; name = libopencv_objdetect.dylib; path = /Users/jeff/Documents/Unlogo/logomunge/../../../../../usr/local/lib/libopencv_objdetect.dylib; sourceTree = "<absolute>"; };
		1F028EED134A94B500AC53C6 /* libboost_filesystem.dylib */ = {isa = PBXFileReference; lastKnownFileType = "compiled.mach-o.dylib"; name = libboost_filesystem.dylib; path = /Users/jeff/Documents/Unlogo/logomunge/../../../../../usr/local/lib/libboost_filesystem.dylib; sourceTree = "<absolute>"; };
		1F028EEE134A94B500AC53C6 /* libboost_program_options.dylib */ = {isa = PBXFileReference; lastKnownFileType = "compiled.mach-o.dylib"; name = libboost_program_options.dylib; path = /Users/jeff/Documents/Unlogo/logomunge/../../../../../usr/local/lib/libboost_program_options.dylib; sourceTree = "<absolute>"; };
		1F028EEF134A94B500AC53C6 /* libboost_system.dylib */ = {isa = PBXFileReference; lastKnownFileType = "compiled.mach-o.dylib"; name = libboost_system.dylib; path = /Users/jeff/Documents/Unlogo/logomunge/../../../../../usr/local/lib/libboost_system.dylib; sourceTree = "<absolute>"; };
		1F25A942134CBE75003CA658 /* Compress.h */ = {isa = PBXFileReference; fileEncoding = 4; lastKnownFileType = sourcecode.c.h; name = Compress.h; path = ../src/Utils/Compress/Compress.h; sourceTree = SOURCE_ROOT; };
		1F25A943134CBE75003CA658 /* Compress.cpp */ = {isa = PBXFileReference; fileEncoding = 4; lastKnownFileType = sourcecode.cpp.cpp; name = Compress.cpp; path = ../src/Utils/Compress/Compress.cpp; sourceTree = SOURCE_ROOT; };
		1FAEB999134BB7EF0014C3C1 /* libopencv_core.dylib */ = {isa = PBXFileReference; lastKnownFileType = "compiled.mach-o.dylib"; name = libopencv_core.dylib; path = /usr/local/lib/libopencv_core.dylib; sourceTree = "<absolute>"; };
		1FE662021343BD5300896670 /* main.cpp */ = {isa = PBXFileReference; fileEncoding = 4; lastKnownFileType = sourcecode.cpp.cpp; name = main.cpp; path = src/main.cpp; sourceTree = SOURCE_ROOT; };
		8DD76F6C0486A84900D96B5E /* logomunge */ = {isa = PBXFileReference; explicitFileType = "compiled.mach-o.executable"; includeInIndex = 0; path = logomunge; sourceTree = BUILT_PRODUCTS_DIR; };
/* End PBXFileReference section */

/* Begin PBXFrameworksBuildPhase section */
		8DD76F660486A84900D96B5E /* Frameworks */ = {
			isa = PBXFrameworksBuildPhase;
			buildActionMask = 2147483647;
			files = (
				1F028EE4134A948C00AC53C6 /* libopencv_features2d.dylib in Frameworks */,
				1F028EE7134A948C00AC53C6 /* libopencv_highgui.dylib in Frameworks */,
				1F028EE8134A948C00AC53C6 /* libopencv_imgproc.dylib in Frameworks */,
				1F028EEB134A948C00AC53C6 /* libopencv_objdetect.dylib in Frameworks */,
				1F028EF0134A94B500AC53C6 /* libboost_filesystem.dylib in Frameworks */,
				1F028EF1134A94B500AC53C6 /* libboost_program_options.dylib in Frameworks */,
				1F028EF2134A94B500AC53C6 /* libboost_system.dylib in Frameworks */,
				1FAEB99A134BB7F00014C3C1 /* libopencv_core.dylib in Frameworks */,
			);
			runOnlyForDeploymentPostprocessing = 0;
		};
/* End PBXFrameworksBuildPhase section */

/* Begin PBXGroup section */
		08FB7794FE84155DC02AAC07 /* descriptorextractor */ = {
			isa = PBXGroup;
			children = (
				08FB7795FE84155DC02AAC07 /* Source */,
				1AB674ADFE9D54B511CA2CBB /* Products */,
				1FE6621C1343D26000896670 /* Libs */,
			);
			name = descriptorextractor;
			sourceTree = "<group>";
		};
		08FB7795FE84155DC02AAC07 /* Source */ = {
			isa = PBXGroup;
			children = (
				1FE662021343BD5300896670 /* main.cpp */,
				1F25A942134CBE75003CA658 /* Compress.h */,
				1F25A943134CBE75003CA658 /* Compress.cpp */,
			);
			name = Source;
			sourceTree = "<group>";
		};
		1AB674ADFE9D54B511CA2CBB /* Products */ = {
			isa = PBXGroup;
			children = (
				8DD76F6C0486A84900D96B5E /* logomunge */,
			);
			name = Products;
			sourceTree = "<group>";
		};
		1FE6621C1343D26000896670 /* Libs */ = {
			isa = PBXGroup;
			children = (
				1F028EED134A94B500AC53C6 /* libboost_filesystem.dylib */,
				1F028EEE134A94B500AC53C6 /* libboost_program_options.dylib */,
				1F028EEF134A94B500AC53C6 /* libboost_system.dylib */,
				1FAEB999134BB7EF0014C3C1 /* libopencv_core.dylib */,
				1F028ED8134A948C00AC53C6 /* libopencv_features2d.dylib */,
				1F028EDB134A948C00AC53C6 /* libopencv_highgui.dylib */,
				1F028EDC134A948C00AC53C6 /* libopencv_imgproc.dylib */,
				1F028EDF134A948C00AC53C6 /* libopencv_objdetect.dylib */,
			);
			name = Libs;
			sourceTree = "<group>";
		};
/* End PBXGroup section */

/* Begin PBXNativeTarget section */
		8DD76F620486A84900D96B5E /* logomunge */ = {
			isa = PBXNativeTarget;
			buildConfigurationList = 1DEB923108733DC60010E9CD /* Build configuration list for PBXNativeTarget "logomunge" */;
			buildPhases = (
				8DD76F640486A84900D96B5E /* Sources */,
				8DD76F660486A84900D96B5E /* Frameworks */,
				8DD76F690486A84900D96B5E /* CopyFiles */,
			);
			buildRules = (
			);
			dependencies = (
			);
			name = logomunge;
			productInstallPath = "$(HOME)/bin";
			productName = descriptorextractor;
			productReference = 8DD76F6C0486A84900D96B5E /* logomunge */;
			productType = "com.apple.product-type.tool";
		};
/* End PBXNativeTarget section */

/* Begin PBXProject section */
		08FB7793FE84155DC02AAC07 /* Project object */ = {
			isa = PBXProject;
			buildConfigurationList = 1DEB923508733DC60010E9CD /* Build configuration list for PBXProject "logomunge" */;
			compatibilityVersion = "Xcode 3.1";
			developmentRegion = English;
			hasScannedForEncodings = 1;
			knownRegions = (
				English,
				Japanese,
				French,
				German,
			);
			mainGroup = 08FB7794FE84155DC02AAC07 /* descriptorextractor */;
			projectDirPath = "";
			projectRoot = "";
			targets = (
				8DD76F620486A84900D96B5E /* logomunge */,
			);
		};
/* End PBXProject section */

/* Begin PBXSourcesBuildPhase section */
		8DD76F640486A84900D96B5E /* Sources */ = {
			isa = PBXSourcesBuildPhase;
			buildActionMask = 2147483647;
			files = (
				1FE662031343BD5300896670 /* main.cpp in Sources */,
				1F25A944134CBE75003CA658 /* Compress.cpp in Sources */,
			);
			runOnlyForDeploymentPostprocessing = 0;
		};
/* End PBXSourcesBuildPhase section */

/* Begin XCBuildConfiguration section */
		1DEB923208733DC60010E9CD /* Debug */ = {
			isa = XCBuildConfiguration;
			buildSettings = {
				ALWAYS_SEARCH_USER_PATHS = NO;
				COPY_PHASE_STRIP = NO;
				GCC_DYNAMIC_NO_PIC = NO;
				GCC_ENABLE_FIX_AND_CONTINUE = YES;
				GCC_MODEL_TUNING = G5;
				GCC_OPTIMIZATION_LEVEL = 0;
				HEADER_SEARCH_PATHS = /usr/local/include;
				INSTALL_PATH = /usr/local/bin;
				PRODUCT_NAME = "$(TARGET_NAME)";
			};
			name = Debug;
		};
		1DEB923308733DC60010E9CD /* Release */ = {
			isa = XCBuildConfiguration;
			buildSettings = {
				ALWAYS_SEARCH_USER_PATHS = NO;
				DEBUG_INFORMATION_FORMAT = "dwarf-with-dsym";
				GCC_MODEL_TUNING = G5;
				HEADER_SEARCH_PATHS = /usr/local/include;
				INSTALL_PATH = /usr/local/bin;
				PRODUCT_NAME = "$(TARGET_NAME)";
			};
			name = Release;
		};
		1DEB923608733DC60010E9CD /* Debug */ = {
			isa = XCBuildConfiguration;
			buildSettings = {
				ARCHS = "$(ARCHS_STANDARD_32_64_BIT)";
				GCC_C_LANGUAGE_STANDARD = gnu99;
				GCC_OPTIMIZATION_LEVEL = 0;
				GCC_WARN_ABOUT_RETURN_TYPE = YES;
				GCC_WARN_UNUSED_VARIABLE = YES;
				ONLY_ACTIVE_ARCH = YES;
				PREBINDING = NO;
				SDKROOT = macosx10.6;
			};
			name = Debug;
		};
		1DEB923708733DC60010E9CD /* Release */ = {
			isa = XCBuildConfiguration;
			buildSettings = {
				ARCHS = "$(ARCHS_STANDARD_32_64_BIT)";
				GCC_C_LANGUAGE_STANDARD = gnu99;
				GCC_WARN_ABOUT_RETURN_TYPE = YES;
				GCC_WARN_UNUSED_VARIABLE = YES;
				PREBINDING = NO;
				SDKROOT = macosx10.6;
			};
			name = Release;
		};
/* End XCBuildConfiguration section */

/* Begin XCConfigurationList section */
		1DEB923108733DC60010E9CD /* Build configuration list for PBXNativeTarget "logomunge" */ = {
			isa = XCConfigurationList;
			buildConfigurations = (
				1DEB923208733DC60010E9CD /* Debug */,
				1DEB923308733DC60010E9CD /* Release */,
			);
			defaultConfigurationIsVisible = 0;
			defaultConfigurationName = Release;
		};
		1DEB923508733DC60010E9CD /* Build configuration list for PBXProject "logomunge" */ = {
			isa = XCConfigurationList;
			buildConfigurations = (
				1DEB923608733DC60010E9CD /* Debug */,
				1DEB923708733DC60010E9CD /* Release */,
			);
			defaultConfigurationIsVisible = 0;
			defaultConfigurationName = Release;
		};
/* End XCConfigurationList section */
	};
	rootObject = 08FB7793FE84155DC02AAC07 /* Project object */;
}
