// !$*UTF8*$!
{
	archiveVersion = 1;
	classes = {
	};
	objectVersion = 45;
	objects = {

/* Begin PBXBuildFile section */
		1F6F13D1132055D500457F54 /* libopencv_calib3d.dylib in Frameworks */ = {isa = PBXBuildFile; fileRef = 1F6F13C5132055D500457F54 /* libopencv_calib3d.dylib */; };
		1F6F13D2132055D500457F54 /* libopencv_contrib.dylib in Frameworks */ = {isa = PBXBuildFile; fileRef = 1F6F13C6132055D500457F54 /* libopencv_contrib.dylib */; };
		1F6F13D3132055D500457F54 /* libopencv_core.dylib in Frameworks */ = {isa = PBXBuildFile; fileRef = 1F6F13C7132055D500457F54 /* libopencv_core.dylib */; };
		1F6F13D4132055D500457F54 /* libopencv_features2d.dylib in Frameworks */ = {isa = PBXBuildFile; fileRef = 1F6F13C8132055D500457F54 /* libopencv_features2d.dylib */; };
		1F6F13D5132055D500457F54 /* libopencv_flann.dylib in Frameworks */ = {isa = PBXBuildFile; fileRef = 1F6F13C9132055D500457F54 /* libopencv_flann.dylib */; };
		1F6F13D6132055D500457F54 /* libopencv_gpu.dylib in Frameworks */ = {isa = PBXBuildFile; fileRef = 1F6F13CA132055D500457F54 /* libopencv_gpu.dylib */; };
		1F6F13D7132055D500457F54 /* libopencv_highgui.dylib in Frameworks */ = {isa = PBXBuildFile; fileRef = 1F6F13CB132055D500457F54 /* libopencv_highgui.dylib */; };
		1F6F13D8132055D500457F54 /* libopencv_imgproc.dylib in Frameworks */ = {isa = PBXBuildFile; fileRef = 1F6F13CC132055D500457F54 /* libopencv_imgproc.dylib */; };
		1F6F13D9132055D500457F54 /* libopencv_legacy.dylib in Frameworks */ = {isa = PBXBuildFile; fileRef = 1F6F13CD132055D500457F54 /* libopencv_legacy.dylib */; };
		1F6F13DA132055D500457F54 /* libopencv_ml.dylib in Frameworks */ = {isa = PBXBuildFile; fileRef = 1F6F13CE132055D500457F54 /* libopencv_ml.dylib */; };
		1F6F13DB132055D500457F54 /* libopencv_objdetect.dylib in Frameworks */ = {isa = PBXBuildFile; fileRef = 1F6F13CF132055D500457F54 /* libopencv_objdetect.dylib */; };
		1F6F13DC132055D500457F54 /* libopencv_video.dylib in Frameworks */ = {isa = PBXBuildFile; fileRef = 1F6F13D0132055D500457F54 /* libopencv_video.dylib */; };
		1FE660E91343BA6600896670 /* Effect.h in Headers */ = {isa = PBXBuildFile; fileRef = 1FE660CF1343BA6600896670 /* Effect.h */; };
		1FE660EA1343BA6600896670 /* Mirror.cpp in Sources */ = {isa = PBXBuildFile; fileRef = 1FE660D01343BA6600896670 /* Mirror.cpp */; };
		1FE660EB1343BA6600896670 /* Mirror.h in Headers */ = {isa = PBXBuildFile; fileRef = 1FE660D11343BA6600896670 /* Mirror.h */; };
		1FE660EC1343BA6600896670 /* Threshold.cpp in Sources */ = {isa = PBXBuildFile; fileRef = 1FE660D21343BA6600896670 /* Threshold.cpp */; };
		1FE660ED1343BA6600896670 /* Threshold.h in Headers */ = {isa = PBXBuildFile; fileRef = 1FE660D31343BA6600896670 /* Threshold.h */; };
		1FE660EE1343BA6600896670 /* Image.cpp in Sources */ = {isa = PBXBuildFile; fileRef = 1FE660D51343BA6600896670 /* Image.cpp */; };
		1FE660EF1343BA6600896670 /* Image.h in Headers */ = {isa = PBXBuildFile; fileRef = 1FE660D61343BA6600896670 /* Image.h */; };
		1FE660F01343BA6600896670 /* ASIFTMatcher.cpp in Sources */ = {isa = PBXBuildFile; fileRef = 1FE660D81343BA6600896670 /* ASIFTMatcher.cpp */; };
		1FE660F11343BA6600896670 /* ASIFTMatcher.h in Headers */ = {isa = PBXBuildFile; fileRef = 1FE660D91343BA6600896670 /* ASIFTMatcher.h */; };
		1FE660F21343BA6600896670 /* ChamerMatcher.cpp in Sources */ = {isa = PBXBuildFile; fileRef = 1FE660DA1343BA6600896670 /* ChamerMatcher.cpp */; };
		1FE660F31343BA6600896670 /* ChamerMatcher.h in Headers */ = {isa = PBXBuildFile; fileRef = 1FE660DB1343BA6600896670 /* ChamerMatcher.h */; };
		1FE660F41343BA6600896670 /* ContourFinder.cpp in Sources */ = {isa = PBXBuildFile; fileRef = 1FE660DC1343BA6600896670 /* ContourFinder.cpp */; };
		1FE660F51343BA6600896670 /* ContourFinder.h in Headers */ = {isa = PBXBuildFile; fileRef = 1FE660DD1343BA6600896670 /* ContourFinder.h */; };
		1FE660F61343BA6600896670 /* FernsMatcher.cpp in Sources */ = {isa = PBXBuildFile; fileRef = 1FE660DE1343BA6600896670 /* FernsMatcher.cpp */; };
		1FE660F71343BA6600896670 /* FernsMatcher.h in Headers */ = {isa = PBXBuildFile; fileRef = 1FE660DF1343BA6600896670 /* FernsMatcher.h */; };
		1FE660F81343BA6600896670 /* FlowFinder.cpp in Sources */ = {isa = PBXBuildFile; fileRef = 1FE660E01343BA6600896670 /* FlowFinder.cpp */; };
		1FE660F91343BA6600896670 /* FlowFinder.h in Headers */ = {isa = PBXBuildFile; fileRef = 1FE660E11343BA6600896670 /* FlowFinder.h */; };
		1FE660FA1343BA6600896670 /* GenericMatcher.cpp in Sources */ = {isa = PBXBuildFile; fileRef = 1FE660E21343BA6600896670 /* GenericMatcher.cpp */; };
		1FE660FB1343BA6600896670 /* GenericMatcher.h in Headers */ = {isa = PBXBuildFile; fileRef = 1FE660E31343BA6600896670 /* GenericMatcher.h */; };
		1FE660FC1343BA6600896670 /* JSONElement.cpp in Sources */ = {isa = PBXBuildFile; fileRef = 1FE660E51343BA6600896670 /* JSONElement.cpp */; };
		1FE660FD1343BA6600896670 /* JSONElement.h in Headers */ = {isa = PBXBuildFile; fileRef = 1FE660E61343BA6600896670 /* JSONElement.h */; };
		1FE660FE1343BA6600896670 /* utils.cpp in Sources */ = {isa = PBXBuildFile; fileRef = 1FE660E71343BA6600896670 /* utils.cpp */; };
		1FE660FF1343BA6600896670 /* utils.h in Headers */ = {isa = PBXBuildFile; fileRef = 1FE660E81343BA6600896670 /* utils.h */; };
		1FE661031343BA6F00896670 /* main.cpp in Sources */ = {isa = PBXBuildFile; fileRef = 1FE661001343BA6F00896670 /* main.cpp */; };
		1FE661041343BA6F00896670 /* unlogo.cpp in Sources */ = {isa = PBXBuildFile; fileRef = 1FE661011343BA6F00896670 /* unlogo.cpp */; };
		1FE661051343BA6F00896670 /* unlogo.h in Headers */ = {isa = PBXBuildFile; fileRef = 1FE661021343BA6F00896670 /* unlogo.h */; };
		1FE661741343BA7E00896670 /* compute_asift_keypoints.cpp in Sources */ = {isa = PBXBuildFile; fileRef = 1FE661091343BA7E00896670 /* compute_asift_keypoints.cpp */; };
		1FE661751343BA7E00896670 /* compute_asift_keypoints.h in Headers */ = {isa = PBXBuildFile; fileRef = 1FE6610A1343BA7E00896670 /* compute_asift_keypoints.h */; };
		1FE661761343BA7E00896670 /* compute_asift_matches.cpp in Sources */ = {isa = PBXBuildFile; fileRef = 1FE6610B1343BA7E00896670 /* compute_asift_matches.cpp */; };
		1FE661771343BA7E00896670 /* compute_asift_matches.h in Headers */ = {isa = PBXBuildFile; fileRef = 1FE6610C1343BA7E00896670 /* compute_asift_matches.h */; };
		1FE6617A1343BA7E00896670 /* demo_lib_sift.cpp in Sources */ = {isa = PBXBuildFile; fileRef = 1FE6610F1343BA7E00896670 /* demo_lib_sift.cpp */; };
		1FE6617B1343BA7E00896670 /* demo_lib_sift.h in Headers */ = {isa = PBXBuildFile; fileRef = 1FE661101343BA7E00896670 /* demo_lib_sift.h */; };
		1FE6617C1343BA7E00896670 /* domain.cpp in Sources */ = {isa = PBXBuildFile; fileRef = 1FE661111343BA7E00896670 /* domain.cpp */; };
		1FE6617D1343BA7E00896670 /* domain.h in Headers */ = {isa = PBXBuildFile; fileRef = 1FE661121343BA7E00896670 /* domain.h */; };
		1FE6617E1343BA7E00896670 /* filter.cpp in Sources */ = {isa = PBXBuildFile; fileRef = 1FE661131343BA7E00896670 /* filter.cpp */; };
		1FE6617F1343BA7E00896670 /* filter.h in Headers */ = {isa = PBXBuildFile; fileRef = 1FE661141343BA7E00896670 /* filter.h */; };
		1FE661801343BA7E00896670 /* flimage.cpp in Sources */ = {isa = PBXBuildFile; fileRef = 1FE661151343BA7E00896670 /* flimage.cpp */; };
		1FE661811343BA7E00896670 /* flimage.h in Headers */ = {isa = PBXBuildFile; fileRef = 1FE661161343BA7E00896670 /* flimage.h */; };
		1FE661821343BA7E00896670 /* fproj.cpp in Sources */ = {isa = PBXBuildFile; fileRef = 1FE661171343BA7E00896670 /* fproj.cpp */; };
		1FE661831343BA7E00896670 /* fproj.h in Headers */ = {isa = PBXBuildFile; fileRef = 1FE661181343BA7E00896670 /* fproj.h */; };
		1FE661841343BA7E00896670 /* frot.cpp in Sources */ = {isa = PBXBuildFile; fileRef = 1FE661191343BA7E00896670 /* frot.cpp */; };
		1FE661851343BA7E00896670 /* frot.h in Headers */ = {isa = PBXBuildFile; fileRef = 1FE6611A1343BA7E00896670 /* frot.h */; };
		1FE661B71343BA7E00896670 /* match.cpp in Sources */ = {isa = PBXBuildFile; fileRef = 1FE661591343BA7E00896670 /* match.cpp */; };
		1FE661B81343BA7E00896670 /* match.h in Headers */ = {isa = PBXBuildFile; fileRef = 1FE6615A1343BA7E00896670 /* match.h */; };
		1FE661B91343BA7E00896670 /* computeH.cpp in Sources */ = {isa = PBXBuildFile; fileRef = 1FE6615D1343BA7E00896670 /* computeH.cpp */; };
		1FE661BA1343BA7E00896670 /* homography.cpp in Sources */ = {isa = PBXBuildFile; fileRef = 1FE6615E1343BA7E00896670 /* homography.cpp */; };
		1FE661BB1343BA7E00896670 /* homography.h in Headers */ = {isa = PBXBuildFile; fileRef = 1FE6615F1343BA7E00896670 /* homography.h */; };
		1FE661BC1343BA7E00896670 /* matrix.cpp in Sources */ = {isa = PBXBuildFile; fileRef = 1FE661601343BA7E00896670 /* matrix.cpp */; };
		1FE661BD1343BA7E00896670 /* matrix.h in Headers */ = {isa = PBXBuildFile; fileRef = 1FE661611343BA7E00896670 /* matrix.h */; };
		1FE661BE1343BA7E00896670 /* numerics.cpp in Sources */ = {isa = PBXBuildFile; fileRef = 1FE661621343BA7E00896670 /* numerics.cpp */; };
		1FE661BF1343BA7E00896670 /* numerics.h in Headers */ = {isa = PBXBuildFile; fileRef = 1FE661631343BA7E00896670 /* numerics.h */; };
		1FE661C01343BA7E00896670 /* rodrigues.cpp in Sources */ = {isa = PBXBuildFile; fileRef = 1FE661641343BA7E00896670 /* rodrigues.cpp */; };
		1FE661C11343BA7E00896670 /* rodrigues.h in Headers */ = {isa = PBXBuildFile; fileRef = 1FE661651343BA7E00896670 /* rodrigues.h */; };
		1FE661C21343BA7E00896670 /* vector.cpp in Sources */ = {isa = PBXBuildFile; fileRef = 1FE661661343BA7E00896670 /* vector.cpp */; };
		1FE661C31343BA7E00896670 /* library.cpp in Sources */ = {isa = PBXBuildFile; fileRef = 1FE661671343BA7E00896670 /* library.cpp */; };
		1FE661C41343BA7E00896670 /* library.h in Headers */ = {isa = PBXBuildFile; fileRef = 1FE661681343BA7E00896670 /* library.h */; };
		1FE661C61343BA7E00896670 /* numerics1.cpp in Sources */ = {isa = PBXBuildFile; fileRef = 1FE6616C1343BA7E00896670 /* numerics1.cpp */; };
		1FE661C71343BA7E00896670 /* numerics1.h in Headers */ = {isa = PBXBuildFile; fileRef = 1FE6616D1343BA7E00896670 /* numerics1.h */; };
		1FE661C81343BA7E00896670 /* orsa.cpp in Sources */ = {isa = PBXBuildFile; fileRef = 1FE6616E1343BA7E00896670 /* orsa.cpp */; };
		1FE661C91343BA7E00896670 /* orsa.h in Headers */ = {isa = PBXBuildFile; fileRef = 1FE6616F1343BA7E00896670 /* orsa.h */; };
		1FE661CA1343BA7E00896670 /* splines.cpp in Sources */ = {isa = PBXBuildFile; fileRef = 1FE661711343BA7E00896670 /* splines.cpp */; };
		1FE661CB1343BA7E00896670 /* splines.h in Headers */ = {isa = PBXBuildFile; fileRef = 1FE661721343BA7E00896670 /* splines.h */; };
		1FE661D61343BA8A00896670 /* json_batchallocator.h in Headers */ = {isa = PBXBuildFile; fileRef = 1FE661CE1343BA8900896670 /* json_batchallocator.h */; };
		1FE661D71343BA8A00896670 /* json_reader.cpp in Sources */ = {isa = PBXBuildFile; fileRef = 1FE661D11343BA8900896670 /* json_reader.cpp */; };
		1FE661D81343BA8A00896670 /* json_value.cpp in Sources */ = {isa = PBXBuildFile; fileRef = 1FE661D21343BA8900896670 /* json_value.cpp */; };
		1FE661D91343BA8A00896670 /* json_writer.cpp in Sources */ = {isa = PBXBuildFile; fileRef = 1FE661D41343BA8900896670 /* json_writer.cpp */; };
/* End PBXBuildFile section */

/* Begin PBXFileReference section */
		1F6F13C5132055D500457F54 /* libopencv_calib3d.dylib */ = {isa = PBXFileReference; lastKnownFileType = "compiled.mach-o.dylib"; name = libopencv_calib3d.dylib; path = /usr/local/lib/libopencv_calib3d.dylib; sourceTree = "<absolute>"; };
		1F6F13C6132055D500457F54 /* libopencv_contrib.dylib */ = {isa = PBXFileReference; lastKnownFileType = "compiled.mach-o.dylib"; name = libopencv_contrib.dylib; path = /usr/local/lib/libopencv_contrib.dylib; sourceTree = "<absolute>"; };
		1F6F13C7132055D500457F54 /* libopencv_core.dylib */ = {isa = PBXFileReference; lastKnownFileType = "compiled.mach-o.dylib"; name = libopencv_core.dylib; path = /usr/local/lib/libopencv_core.dylib; sourceTree = "<absolute>"; };
		1F6F13C8132055D500457F54 /* libopencv_features2d.dylib */ = {isa = PBXFileReference; lastKnownFileType = "compiled.mach-o.dylib"; name = libopencv_features2d.dylib; path = /usr/local/lib/libopencv_features2d.dylib; sourceTree = "<absolute>"; };
		1F6F13C9132055D500457F54 /* libopencv_flann.dylib */ = {isa = PBXFileReference; lastKnownFileType = "compiled.mach-o.dylib"; name = libopencv_flann.dylib; path = /usr/local/lib/libopencv_flann.dylib; sourceTree = "<absolute>"; };
		1F6F13CA132055D500457F54 /* libopencv_gpu.dylib */ = {isa = PBXFileReference; lastKnownFileType = "compiled.mach-o.dylib"; name = libopencv_gpu.dylib; path = /usr/local/lib/libopencv_gpu.dylib; sourceTree = "<absolute>"; };
		1F6F13CB132055D500457F54 /* libopencv_highgui.dylib */ = {isa = PBXFileReference; lastKnownFileType = "compiled.mach-o.dylib"; name = libopencv_highgui.dylib; path = /usr/local/lib/libopencv_highgui.dylib; sourceTree = "<absolute>"; };
		1F6F13CC132055D500457F54 /* libopencv_imgproc.dylib */ = {isa = PBXFileReference; lastKnownFileType = "compiled.mach-o.dylib"; name = libopencv_imgproc.dylib; path = /usr/local/lib/libopencv_imgproc.dylib; sourceTree = "<absolute>"; };
		1F6F13CD132055D500457F54 /* libopencv_legacy.dylib */ = {isa = PBXFileReference; lastKnownFileType = "compiled.mach-o.dylib"; name = libopencv_legacy.dylib; path = /usr/local/lib/libopencv_legacy.dylib; sourceTree = "<absolute>"; };
		1F6F13CE132055D500457F54 /* libopencv_ml.dylib */ = {isa = PBXFileReference; lastKnownFileType = "compiled.mach-o.dylib"; name = libopencv_ml.dylib; path = /usr/local/lib/libopencv_ml.dylib; sourceTree = "<absolute>"; };
		1F6F13CF132055D500457F54 /* libopencv_objdetect.dylib */ = {isa = PBXFileReference; lastKnownFileType = "compiled.mach-o.dylib"; name = libopencv_objdetect.dylib; path = /usr/local/lib/libopencv_objdetect.dylib; sourceTree = "<absolute>"; };
		1F6F13D0132055D500457F54 /* libopencv_video.dylib */ = {isa = PBXFileReference; lastKnownFileType = "compiled.mach-o.dylib"; name = libopencv_video.dylib; path = /usr/local/lib/libopencv_video.dylib; sourceTree = "<absolute>"; };
		1FE660CF1343BA6600896670 /* Effect.h */ = {isa = PBXFileReference; fileEncoding = 4; lastKnownFileType = sourcecode.c.h; name = Effect.h; path = ../src/Effects/Effect.h; sourceTree = SOURCE_ROOT; };
		1FE660D01343BA6600896670 /* Mirror.cpp */ = {isa = PBXFileReference; fileEncoding = 4; lastKnownFileType = sourcecode.cpp.cpp; name = Mirror.cpp; path = ../src/Effects/Mirror.cpp; sourceTree = SOURCE_ROOT; };
		1FE660D11343BA6600896670 /* Mirror.h */ = {isa = PBXFileReference; fileEncoding = 4; lastKnownFileType = sourcecode.c.h; name = Mirror.h; path = ../src/Effects/Mirror.h; sourceTree = SOURCE_ROOT; };
		1FE660D21343BA6600896670 /* Threshold.cpp */ = {isa = PBXFileReference; fileEncoding = 4; lastKnownFileType = sourcecode.cpp.cpp; name = Threshold.cpp; path = ../src/Effects/Threshold.cpp; sourceTree = SOURCE_ROOT; };
		1FE660D31343BA6600896670 /* Threshold.h */ = {isa = PBXFileReference; fileEncoding = 4; lastKnownFileType = sourcecode.c.h; name = Threshold.h; path = ../src/Effects/Threshold.h; sourceTree = SOURCE_ROOT; };
		1FE660D51343BA6600896670 /* Image.cpp */ = {isa = PBXFileReference; fileEncoding = 4; lastKnownFileType = sourcecode.cpp.cpp; name = Image.cpp; path = ../src/Images/Image.cpp; sourceTree = SOURCE_ROOT; };
		1FE660D61343BA6600896670 /* Image.h */ = {isa = PBXFileReference; fileEncoding = 4; lastKnownFileType = sourcecode.c.h; name = Image.h; path = ../src/Images/Image.h; sourceTree = SOURCE_ROOT; };
		1FE660D81343BA6600896670 /* ASIFTMatcher.cpp */ = {isa = PBXFileReference; fileEncoding = 4; lastKnownFileType = sourcecode.cpp.cpp; name = ASIFTMatcher.cpp; path = ../src/Tools/ASIFTMatcher.cpp; sourceTree = SOURCE_ROOT; };
		1FE660D91343BA6600896670 /* ASIFTMatcher.h */ = {isa = PBXFileReference; fileEncoding = 4; lastKnownFileType = sourcecode.c.h; name = ASIFTMatcher.h; path = ../src/Tools/ASIFTMatcher.h; sourceTree = SOURCE_ROOT; };
		1FE660DA1343BA6600896670 /* ChamerMatcher.cpp */ = {isa = PBXFileReference; fileEncoding = 4; lastKnownFileType = sourcecode.cpp.cpp; name = ChamerMatcher.cpp; path = ../src/Tools/ChamerMatcher.cpp; sourceTree = SOURCE_ROOT; };
		1FE660DB1343BA6600896670 /* ChamerMatcher.h */ = {isa = PBXFileReference; fileEncoding = 4; lastKnownFileType = sourcecode.c.h; name = ChamerMatcher.h; path = ../src/Tools/ChamerMatcher.h; sourceTree = SOURCE_ROOT; };
		1FE660DC1343BA6600896670 /* ContourFinder.cpp */ = {isa = PBXFileReference; fileEncoding = 4; lastKnownFileType = sourcecode.cpp.cpp; name = ContourFinder.cpp; path = ../src/Tools/ContourFinder.cpp; sourceTree = SOURCE_ROOT; };
		1FE660DD1343BA6600896670 /* ContourFinder.h */ = {isa = PBXFileReference; fileEncoding = 4; lastKnownFileType = sourcecode.c.h; name = ContourFinder.h; path = ../src/Tools/ContourFinder.h; sourceTree = SOURCE_ROOT; };
		1FE660DE1343BA6600896670 /* FernsMatcher.cpp */ = {isa = PBXFileReference; fileEncoding = 4; lastKnownFileType = sourcecode.cpp.cpp; name = FernsMatcher.cpp; path = ../src/Tools/FernsMatcher.cpp; sourceTree = SOURCE_ROOT; };
		1FE660DF1343BA6600896670 /* FernsMatcher.h */ = {isa = PBXFileReference; fileEncoding = 4; lastKnownFileType = sourcecode.c.h; name = FernsMatcher.h; path = ../src/Tools/FernsMatcher.h; sourceTree = SOURCE_ROOT; };
		1FE660E01343BA6600896670 /* FlowFinder.cpp */ = {isa = PBXFileReference; fileEncoding = 4; lastKnownFileType = sourcecode.cpp.cpp; name = FlowFinder.cpp; path = ../src/Tools/FlowFinder.cpp; sourceTree = SOURCE_ROOT; };
		1FE660E11343BA6600896670 /* FlowFinder.h */ = {isa = PBXFileReference; fileEncoding = 4; lastKnownFileType = sourcecode.c.h; name = FlowFinder.h; path = ../src/Tools/FlowFinder.h; sourceTree = SOURCE_ROOT; };
		1FE660E21343BA6600896670 /* GenericMatcher.cpp */ = {isa = PBXFileReference; fileEncoding = 4; lastKnownFileType = sourcecode.cpp.cpp; name = GenericMatcher.cpp; path = ../src/Tools/GenericMatcher.cpp; sourceTree = SOURCE_ROOT; };
		1FE660E31343BA6600896670 /* GenericMatcher.h */ = {isa = PBXFileReference; fileEncoding = 4; lastKnownFileType = sourcecode.c.h; name = GenericMatcher.h; path = ../src/Tools/GenericMatcher.h; sourceTree = SOURCE_ROOT; };
		1FE660E51343BA6600896670 /* JSONElement.cpp */ = {isa = PBXFileReference; fileEncoding = 4; lastKnownFileType = sourcecode.cpp.cpp; name = JSONElement.cpp; path = ../src/Utils/JSONElement.cpp; sourceTree = SOURCE_ROOT; };
		1FE660E61343BA6600896670 /* JSONElement.h */ = {isa = PBXFileReference; fileEncoding = 4; lastKnownFileType = sourcecode.c.h; name = JSONElement.h; path = ../src/Utils/JSONElement.h; sourceTree = SOURCE_ROOT; };
		1FE660E71343BA6600896670 /* utils.cpp */ = {isa = PBXFileReference; fileEncoding = 4; lastKnownFileType = sourcecode.cpp.cpp; name = utils.cpp; path = ../src/Utils/utils.cpp; sourceTree = SOURCE_ROOT; };
		1FE660E81343BA6600896670 /* utils.h */ = {isa = PBXFileReference; fileEncoding = 4; lastKnownFileType = sourcecode.c.h; name = utils.h; path = ../src/Utils/utils.h; sourceTree = SOURCE_ROOT; };
		1FE661001343BA6F00896670 /* main.cpp */ = {isa = PBXFileReference; fileEncoding = 4; lastKnownFileType = sourcecode.cpp.cpp; name = main.cpp; path = src/main.cpp; sourceTree = SOURCE_ROOT; };
		1FE661011343BA6F00896670 /* unlogo.cpp */ = {isa = PBXFileReference; fileEncoding = 4; lastKnownFileType = sourcecode.cpp.cpp; name = unlogo.cpp; path = src/unlogo.cpp; sourceTree = SOURCE_ROOT; };
		1FE661021343BA6F00896670 /* unlogo.h */ = {isa = PBXFileReference; fileEncoding = 4; lastKnownFileType = sourcecode.c.h; name = unlogo.h; path = src/unlogo.h; sourceTree = SOURCE_ROOT; };
		1FE661091343BA7E00896670 /* compute_asift_keypoints.cpp */ = {isa = PBXFileReference; fileEncoding = 4; lastKnownFileType = sourcecode.cpp.cpp; name = compute_asift_keypoints.cpp; path = ../3rdParty/demo_ASIFT_src/compute_asift_keypoints.cpp; sourceTree = SOURCE_ROOT; };
		1FE6610A1343BA7E00896670 /* compute_asift_keypoints.h */ = {isa = PBXFileReference; fileEncoding = 4; lastKnownFileType = sourcecode.c.h; name = compute_asift_keypoints.h; path = ../3rdParty/demo_ASIFT_src/compute_asift_keypoints.h; sourceTree = SOURCE_ROOT; };
		1FE6610B1343BA7E00896670 /* compute_asift_matches.cpp */ = {isa = PBXFileReference; fileEncoding = 4; lastKnownFileType = sourcecode.cpp.cpp; name = compute_asift_matches.cpp; path = ../3rdParty/demo_ASIFT_src/compute_asift_matches.cpp; sourceTree = SOURCE_ROOT; };
		1FE6610C1343BA7E00896670 /* compute_asift_matches.h */ = {isa = PBXFileReference; fileEncoding = 4; lastKnownFileType = sourcecode.c.h; name = compute_asift_matches.h; path = ../3rdParty/demo_ASIFT_src/compute_asift_matches.h; sourceTree = SOURCE_ROOT; };
		1FE6610F1343BA7E00896670 /* demo_lib_sift.cpp */ = {isa = PBXFileReference; fileEncoding = 4; lastKnownFileType = sourcecode.cpp.cpp; name = demo_lib_sift.cpp; path = ../3rdParty/demo_ASIFT_src/demo_lib_sift.cpp; sourceTree = SOURCE_ROOT; };
		1FE661101343BA7E00896670 /* demo_lib_sift.h */ = {isa = PBXFileReference; fileEncoding = 4; lastKnownFileType = sourcecode.c.h; name = demo_lib_sift.h; path = ../3rdParty/demo_ASIFT_src/demo_lib_sift.h; sourceTree = SOURCE_ROOT; };
		1FE661111343BA7E00896670 /* domain.cpp */ = {isa = PBXFileReference; fileEncoding = 4; lastKnownFileType = sourcecode.cpp.cpp; name = domain.cpp; path = ../3rdParty/demo_ASIFT_src/domain.cpp; sourceTree = SOURCE_ROOT; };
		1FE661121343BA7E00896670 /* domain.h */ = {isa = PBXFileReference; fileEncoding = 4; lastKnownFileType = sourcecode.c.h; name = domain.h; path = ../3rdParty/demo_ASIFT_src/domain.h; sourceTree = SOURCE_ROOT; };
		1FE661131343BA7E00896670 /* filter.cpp */ = {isa = PBXFileReference; fileEncoding = 4; lastKnownFileType = sourcecode.cpp.cpp; name = filter.cpp; path = ../3rdParty/demo_ASIFT_src/filter.cpp; sourceTree = SOURCE_ROOT; };
		1FE661141343BA7E00896670 /* filter.h */ = {isa = PBXFileReference; fileEncoding = 4; lastKnownFileType = sourcecode.c.h; name = filter.h; path = ../3rdParty/demo_ASIFT_src/filter.h; sourceTree = SOURCE_ROOT; };
		1FE661151343BA7E00896670 /* flimage.cpp */ = {isa = PBXFileReference; fileEncoding = 4; lastKnownFileType = sourcecode.cpp.cpp; name = flimage.cpp; path = ../3rdParty/demo_ASIFT_src/flimage.cpp; sourceTree = SOURCE_ROOT; };
		1FE661161343BA7E00896670 /* flimage.h */ = {isa = PBXFileReference; fileEncoding = 4; lastKnownFileType = sourcecode.c.h; name = flimage.h; path = ../3rdParty/demo_ASIFT_src/flimage.h; sourceTree = SOURCE_ROOT; };
		1FE661171343BA7E00896670 /* fproj.cpp */ = {isa = PBXFileReference; fileEncoding = 4; lastKnownFileType = sourcecode.cpp.cpp; name = fproj.cpp; path = ../3rdParty/demo_ASIFT_src/fproj.cpp; sourceTree = SOURCE_ROOT; };
		1FE661181343BA7E00896670 /* fproj.h */ = {isa = PBXFileReference; fileEncoding = 4; lastKnownFileType = sourcecode.c.h; name = fproj.h; path = ../3rdParty/demo_ASIFT_src/fproj.h; sourceTree = SOURCE_ROOT; };
		1FE661191343BA7E00896670 /* frot.cpp */ = {isa = PBXFileReference; fileEncoding = 4; lastKnownFileType = sourcecode.cpp.cpp; name = frot.cpp; path = ../3rdParty/demo_ASIFT_src/frot.cpp; sourceTree = SOURCE_ROOT; };
		1FE6611A1343BA7E00896670 /* frot.h */ = {isa = PBXFileReference; fileEncoding = 4; lastKnownFileType = sourcecode.c.h; name = frot.h; path = ../3rdParty/demo_ASIFT_src/frot.h; sourceTree = SOURCE_ROOT; };
		1FE661591343BA7E00896670 /* match.cpp */ = {isa = PBXFileReference; fileEncoding = 4; lastKnownFileType = sourcecode.cpp.cpp; name = match.cpp; path = ../3rdParty/demo_ASIFT_src/libMatch/match.cpp; sourceTree = SOURCE_ROOT; };
		1FE6615A1343BA7E00896670 /* match.h */ = {isa = PBXFileReference; fileEncoding = 4; lastKnownFileType = sourcecode.c.h; name = match.h; path = ../3rdParty/demo_ASIFT_src/libMatch/match.h; sourceTree = SOURCE_ROOT; };
		1FE6615D1343BA7E00896670 /* computeH.cpp */ = {isa = PBXFileReference; fileEncoding = 4; lastKnownFileType = sourcecode.cpp.cpp; name = computeH.cpp; path = ../3rdParty/demo_ASIFT_src/libNumerics/computeH.cpp; sourceTree = SOURCE_ROOT; };
		1FE6615E1343BA7E00896670 /* homography.cpp */ = {isa = PBXFileReference; fileEncoding = 4; lastKnownFileType = sourcecode.cpp.cpp; name = homography.cpp; path = ../3rdParty/demo_ASIFT_src/libNumerics/homography.cpp; sourceTree = SOURCE_ROOT; };
		1FE6615F1343BA7E00896670 /* homography.h */ = {isa = PBXFileReference; fileEncoding = 4; lastKnownFileType = sourcecode.c.h; name = homography.h; path = ../3rdParty/demo_ASIFT_src/libNumerics/homography.h; sourceTree = SOURCE_ROOT; };
		1FE661601343BA7E00896670 /* matrix.cpp */ = {isa = PBXFileReference; fileEncoding = 4; lastKnownFileType = sourcecode.cpp.cpp; name = matrix.cpp; path = ../3rdParty/demo_ASIFT_src/libNumerics/matrix.cpp; sourceTree = SOURCE_ROOT; };
		1FE661611343BA7E00896670 /* matrix.h */ = {isa = PBXFileReference; fileEncoding = 4; lastKnownFileType = sourcecode.c.h; name = matrix.h; path = ../3rdParty/demo_ASIFT_src/libNumerics/matrix.h; sourceTree = SOURCE_ROOT; };
		1FE661621343BA7E00896670 /* numerics.cpp */ = {isa = PBXFileReference; fileEncoding = 4; lastKnownFileType = sourcecode.cpp.cpp; name = numerics.cpp; path = ../3rdParty/demo_ASIFT_src/libNumerics/numerics.cpp; sourceTree = SOURCE_ROOT; };
		1FE661631343BA7E00896670 /* numerics.h */ = {isa = PBXFileReference; fileEncoding = 4; lastKnownFileType = sourcecode.c.h; name = numerics.h; path = ../3rdParty/demo_ASIFT_src/libNumerics/numerics.h; sourceTree = SOURCE_ROOT; };
		1FE661641343BA7E00896670 /* rodrigues.cpp */ = {isa = PBXFileReference; fileEncoding = 4; lastKnownFileType = sourcecode.cpp.cpp; name = rodrigues.cpp; path = ../3rdParty/demo_ASIFT_src/libNumerics/rodrigues.cpp; sourceTree = SOURCE_ROOT; };
		1FE661651343BA7E00896670 /* rodrigues.h */ = {isa = PBXFileReference; fileEncoding = 4; lastKnownFileType = sourcecode.c.h; name = rodrigues.h; path = ../3rdParty/demo_ASIFT_src/libNumerics/rodrigues.h; sourceTree = SOURCE_ROOT; };
		1FE661661343BA7E00896670 /* vector.cpp */ = {isa = PBXFileReference; fileEncoding = 4; lastKnownFileType = sourcecode.cpp.cpp; name = vector.cpp; path = ../3rdParty/demo_ASIFT_src/libNumerics/vector.cpp; sourceTree = SOURCE_ROOT; };
		1FE661671343BA7E00896670 /* library.cpp */ = {isa = PBXFileReference; fileEncoding = 4; lastKnownFileType = sourcecode.cpp.cpp; name = library.cpp; path = ../3rdParty/demo_ASIFT_src/library.cpp; sourceTree = SOURCE_ROOT; };
		1FE661681343BA7E00896670 /* library.h */ = {isa = PBXFileReference; fileEncoding = 4; lastKnownFileType = sourcecode.c.h; name = library.h; path = ../3rdParty/demo_ASIFT_src/library.h; sourceTree = SOURCE_ROOT; };
		1FE6616C1343BA7E00896670 /* numerics1.cpp */ = {isa = PBXFileReference; fileEncoding = 4; lastKnownFileType = sourcecode.cpp.cpp; name = numerics1.cpp; path = ../3rdParty/demo_ASIFT_src/numerics1.cpp; sourceTree = SOURCE_ROOT; };
		1FE6616D1343BA7E00896670 /* numerics1.h */ = {isa = PBXFileReference; fileEncoding = 4; lastKnownFileType = sourcecode.c.h; name = numerics1.h; path = ../3rdParty/demo_ASIFT_src/numerics1.h; sourceTree = SOURCE_ROOT; };
		1FE6616E1343BA7E00896670 /* orsa.cpp */ = {isa = PBXFileReference; fileEncoding = 4; lastKnownFileType = sourcecode.cpp.cpp; name = orsa.cpp; path = ../3rdParty/demo_ASIFT_src/orsa.cpp; sourceTree = SOURCE_ROOT; };
		1FE6616F1343BA7E00896670 /* orsa.h */ = {isa = PBXFileReference; fileEncoding = 4; lastKnownFileType = sourcecode.c.h; name = orsa.h; path = ../3rdParty/demo_ASIFT_src/orsa.h; sourceTree = SOURCE_ROOT; };
		1FE661711343BA7E00896670 /* splines.cpp */ = {isa = PBXFileReference; fileEncoding = 4; lastKnownFileType = sourcecode.cpp.cpp; name = splines.cpp; path = ../3rdParty/demo_ASIFT_src/splines.cpp; sourceTree = SOURCE_ROOT; };
		1FE661721343BA7E00896670 /* splines.h */ = {isa = PBXFileReference; fileEncoding = 4; lastKnownFileType = sourcecode.c.h; name = splines.h; path = ../3rdParty/demo_ASIFT_src/splines.h; sourceTree = SOURCE_ROOT; };
		1FE661CE1343BA8900896670 /* json_batchallocator.h */ = {isa = PBXFileReference; fileEncoding = 4; lastKnownFileType = sourcecode.c.h; path = json_batchallocator.h; sourceTree = "<group>"; };
		1FE661D11343BA8900896670 /* json_reader.cpp */ = {isa = PBXFileReference; fileEncoding = 4; lastKnownFileType = sourcecode.cpp.cpp; path = json_reader.cpp; sourceTree = "<group>"; };
		1FE661D21343BA8900896670 /* json_value.cpp */ = {isa = PBXFileReference; fileEncoding = 4; lastKnownFileType = sourcecode.cpp.cpp; path = json_value.cpp; sourceTree = "<group>"; };
		1FE661D41343BA8900896670 /* json_writer.cpp */ = {isa = PBXFileReference; fileEncoding = 4; lastKnownFileType = sourcecode.cpp.cpp; path = json_writer.cpp; sourceTree = "<group>"; };
		D2AAC0630554660B00DB518D /* unlogo.dylib */ = {isa = PBXFileReference; explicitFileType = "compiled.mach-o.dylib"; includeInIndex = 0; path = unlogo.dylib; sourceTree = BUILT_PRODUCTS_DIR; };
/* End PBXFileReference section */

/* Begin PBXFrameworksBuildPhase section */
		D289988505E68E00004EDB86 /* Frameworks */ = {
			isa = PBXFrameworksBuildPhase;
			buildActionMask = 2147483647;
			files = (
				1F6F13D1132055D500457F54 /* libopencv_calib3d.dylib in Frameworks */,
				1F6F13D2132055D500457F54 /* libopencv_contrib.dylib in Frameworks */,
				1F6F13D3132055D500457F54 /* libopencv_core.dylib in Frameworks */,
				1F6F13D4132055D500457F54 /* libopencv_features2d.dylib in Frameworks */,
				1F6F13D5132055D500457F54 /* libopencv_flann.dylib in Frameworks */,
				1F6F13D6132055D500457F54 /* libopencv_gpu.dylib in Frameworks */,
				1F6F13D7132055D500457F54 /* libopencv_highgui.dylib in Frameworks */,
				1F6F13D8132055D500457F54 /* libopencv_imgproc.dylib in Frameworks */,
				1F6F13D9132055D500457F54 /* libopencv_legacy.dylib in Frameworks */,
				1F6F13DA132055D500457F54 /* libopencv_ml.dylib in Frameworks */,
				1F6F13DB132055D500457F54 /* libopencv_objdetect.dylib in Frameworks */,
				1F6F13DC132055D500457F54 /* libopencv_video.dylib in Frameworks */,
			);
			runOnlyForDeploymentPostprocessing = 0;
		};
/* End PBXFrameworksBuildPhase section */

/* Begin PBXGroup section */
		08FB7794FE84155DC02AAC07 /* unlogo */ = {
			isa = PBXGroup;
			children = (
				1FE660C31343BA5200896670 /* src */,
				1F6F1392132052EB00457F54 /* libs */,
				1AB674ADFE9D54B511CA2CBB /* Products */,
			);
			name = unlogo;
			sourceTree = "<group>";
		};
		1AB674ADFE9D54B511CA2CBB /* Products */ = {
			isa = PBXGroup;
			children = (
				D2AAC0630554660B00DB518D /* unlogo.dylib */,
			);
			name = Products;
			sourceTree = "<group>";
		};
		1F6F1392132052EB00457F54 /* libs */ = {
			isa = PBXGroup;
			children = (
				1F6F13C5132055D500457F54 /* libopencv_calib3d.dylib */,
				1F6F13C6132055D500457F54 /* libopencv_contrib.dylib */,
				1F6F13C7132055D500457F54 /* libopencv_core.dylib */,
				1F6F13C8132055D500457F54 /* libopencv_features2d.dylib */,
				1F6F13C9132055D500457F54 /* libopencv_flann.dylib */,
				1F6F13CA132055D500457F54 /* libopencv_gpu.dylib */,
				1F6F13CB132055D500457F54 /* libopencv_highgui.dylib */,
				1F6F13CC132055D500457F54 /* libopencv_imgproc.dylib */,
				1F6F13CD132055D500457F54 /* libopencv_legacy.dylib */,
				1F6F13CE132055D500457F54 /* libopencv_ml.dylib */,
				1F6F13CF132055D500457F54 /* libopencv_objdetect.dylib */,
				1F6F13D0132055D500457F54 /* libopencv_video.dylib */,
			);
			name = libs;
			sourceTree = "<group>";
		};
		1FE660C31343BA5200896670 /* src */ = {
			isa = PBXGroup;
			children = (
				1FE661001343BA6F00896670 /* main.cpp */,
				1FE661011343BA6F00896670 /* unlogo.cpp */,
				1FE661021343BA6F00896670 /* unlogo.h */,
				1FE661CD1343BA8900896670 /* lib_json */,
				1FE661061343BA7E00896670 /* demo_ASIFT_src */,
				1FE660CE1343BA6600896670 /* Effects */,
				1FE660D41343BA6600896670 /* Images */,
				1FE660D71343BA6600896670 /* Tools */,
				1FE660E41343BA6600896670 /* Utils */,
			);
			name = src;
			sourceTree = "<group>";
		};
		1FE660CE1343BA6600896670 /* Effects */ = {
			isa = PBXGroup;
			children = (
				1FE660CF1343BA6600896670 /* Effect.h */,
				1FE660D01343BA6600896670 /* Mirror.cpp */,
				1FE660D11343BA6600896670 /* Mirror.h */,
				1FE660D21343BA6600896670 /* Threshold.cpp */,
				1FE660D31343BA6600896670 /* Threshold.h */,
			);
			name = Effects;
			path = ../src/Effects;
			sourceTree = SOURCE_ROOT;
		};
		1FE660D41343BA6600896670 /* Images */ = {
			isa = PBXGroup;
			children = (
				1FE660D51343BA6600896670 /* Image.cpp */,
				1FE660D61343BA6600896670 /* Image.h */,
			);
			name = Images;
			path = ../src/Images;
			sourceTree = SOURCE_ROOT;
		};
		1FE660D71343BA6600896670 /* Tools */ = {
			isa = PBXGroup;
			children = (
				1FE660D81343BA6600896670 /* ASIFTMatcher.cpp */,
				1FE660D91343BA6600896670 /* ASIFTMatcher.h */,
				1FE660DA1343BA6600896670 /* ChamerMatcher.cpp */,
				1FE660DB1343BA6600896670 /* ChamerMatcher.h */,
				1FE660DC1343BA6600896670 /* ContourFinder.cpp */,
				1FE660DD1343BA6600896670 /* ContourFinder.h */,
				1FE660DE1343BA6600896670 /* FernsMatcher.cpp */,
				1FE660DF1343BA6600896670 /* FernsMatcher.h */,
				1FE660E01343BA6600896670 /* FlowFinder.cpp */,
				1FE660E11343BA6600896670 /* FlowFinder.h */,
				1FE660E21343BA6600896670 /* GenericMatcher.cpp */,
				1FE660E31343BA6600896670 /* GenericMatcher.h */,
			);
			name = Tools;
			path = ../src/Tools;
			sourceTree = SOURCE_ROOT;
		};
		1FE660E41343BA6600896670 /* Utils */ = {
			isa = PBXGroup;
			children = (
				1FE660E51343BA6600896670 /* JSONElement.cpp */,
				1FE660E61343BA6600896670 /* JSONElement.h */,
				1FE660E71343BA6600896670 /* utils.cpp */,
				1FE660E81343BA6600896670 /* utils.h */,
			);
			name = Utils;
			path = ../src/Utils;
			sourceTree = SOURCE_ROOT;
		};
		1FE661061343BA7E00896670 /* demo_ASIFT_src */ = {
			isa = PBXGroup;
			children = (
				1FE661091343BA7E00896670 /* compute_asift_keypoints.cpp */,
				1FE6610A1343BA7E00896670 /* compute_asift_keypoints.h */,
				1FE6610B1343BA7E00896670 /* compute_asift_matches.cpp */,
				1FE6610C1343BA7E00896670 /* compute_asift_matches.h */,
				1FE6610F1343BA7E00896670 /* demo_lib_sift.cpp */,
				1FE661101343BA7E00896670 /* demo_lib_sift.h */,
				1FE661111343BA7E00896670 /* domain.cpp */,
				1FE661121343BA7E00896670 /* domain.h */,
				1FE661131343BA7E00896670 /* filter.cpp */,
				1FE661141343BA7E00896670 /* filter.h */,
				1FE661151343BA7E00896670 /* flimage.cpp */,
				1FE661161343BA7E00896670 /* flimage.h */,
				1FE661171343BA7E00896670 /* fproj.cpp */,
				1FE661181343BA7E00896670 /* fproj.h */,
				1FE661191343BA7E00896670 /* frot.cpp */,
				1FE6611A1343BA7E00896670 /* frot.h */,
				1FE661571343BA7E00896670 /* libMatch */,
				1FE6615B1343BA7E00896670 /* libNumerics */,
				1FE661671343BA7E00896670 /* library.cpp */,
				1FE661681343BA7E00896670 /* library.h */,
				1FE6616C1343BA7E00896670 /* numerics1.cpp */,
				1FE6616D1343BA7E00896670 /* numerics1.h */,
				1FE6616E1343BA7E00896670 /* orsa.cpp */,
				1FE6616F1343BA7E00896670 /* orsa.h */,
				1FE661711343BA7E00896670 /* splines.cpp */,
				1FE661721343BA7E00896670 /* splines.h */,
			);
			name = demo_ASIFT_src;
			path = ../3rdParty/demo_ASIFT_src;
			sourceTree = SOURCE_ROOT;
		};
		1FE661571343BA7E00896670 /* libMatch */ = {
			isa = PBXGroup;
			children = (
				1FE661591343BA7E00896670 /* match.cpp */,
				1FE6615A1343BA7E00896670 /* match.h */,
			);
			name = libMatch;
			path = ../3rdParty/demo_ASIFT_src/libMatch;
			sourceTree = SOURCE_ROOT;
		};
		1FE6615B1343BA7E00896670 /* libNumerics */ = {
			isa = PBXGroup;
			children = (
				1FE6615D1343BA7E00896670 /* computeH.cpp */,
				1FE6615E1343BA7E00896670 /* homography.cpp */,
				1FE6615F1343BA7E00896670 /* homography.h */,
				1FE661601343BA7E00896670 /* matrix.cpp */,
				1FE661611343BA7E00896670 /* matrix.h */,
				1FE661621343BA7E00896670 /* numerics.cpp */,
				1FE661631343BA7E00896670 /* numerics.h */,
				1FE661641343BA7E00896670 /* rodrigues.cpp */,
				1FE661651343BA7E00896670 /* rodrigues.h */,
				1FE661661343BA7E00896670 /* vector.cpp */,
			);
			name = libNumerics;
			path = ../3rdParty/demo_ASIFT_src/libNumerics;
			sourceTree = SOURCE_ROOT;
		};
		1FE661CD1343BA8900896670 /* lib_json */ = {
			isa = PBXGroup;
			children = (
				1FE661CE1343BA8900896670 /* json_batchallocator.h */,
				1FE661D11343BA8900896670 /* json_reader.cpp */,
				1FE661D21343BA8900896670 /* json_value.cpp */,
				1FE661D41343BA8900896670 /* json_writer.cpp */,
			);
			name = lib_json;
			path = "../3rdParty/jsoncpp-src-0.5.0/src/lib_json";
			sourceTree = SOURCE_ROOT;
		};
/* End PBXGroup section */

/* Begin PBXHeadersBuildPhase section */
		D2AAC0600554660B00DB518D /* Headers */ = {
			isa = PBXHeadersBuildPhase;
			buildActionMask = 2147483647;
			files = (
				1FE660E91343BA6600896670 /* Effect.h in Headers */,
				1FE660EB1343BA6600896670 /* Mirror.h in Headers */,
				1FE660ED1343BA6600896670 /* Threshold.h in Headers */,
				1FE660EF1343BA6600896670 /* Image.h in Headers */,
				1FE660F11343BA6600896670 /* ASIFTMatcher.h in Headers */,
				1FE660F31343BA6600896670 /* ChamerMatcher.h in Headers */,
				1FE660F51343BA6600896670 /* ContourFinder.h in Headers */,
				1FE660F71343BA6600896670 /* FernsMatcher.h in Headers */,
				1FE660F91343BA6600896670 /* FlowFinder.h in Headers */,
				1FE660FB1343BA6600896670 /* GenericMatcher.h in Headers */,
				1FE660FD1343BA6600896670 /* JSONElement.h in Headers */,
				1FE660FF1343BA6600896670 /* utils.h in Headers */,
				1FE661051343BA6F00896670 /* unlogo.h in Headers */,
				1FE661751343BA7E00896670 /* compute_asift_keypoints.h in Headers */,
				1FE661771343BA7E00896670 /* compute_asift_matches.h in Headers */,
				1FE6617B1343BA7E00896670 /* demo_lib_sift.h in Headers */,
				1FE6617D1343BA7E00896670 /* domain.h in Headers */,
				1FE6617F1343BA7E00896670 /* filter.h in Headers */,
				1FE661811343BA7E00896670 /* flimage.h in Headers */,
				1FE661831343BA7E00896670 /* fproj.h in Headers */,
				1FE661851343BA7E00896670 /* frot.h in Headers */,
				1FE661B81343BA7E00896670 /* match.h in Headers */,
				1FE661BB1343BA7E00896670 /* homography.h in Headers */,
				1FE661BD1343BA7E00896670 /* matrix.h in Headers */,
				1FE661BF1343BA7E00896670 /* numerics.h in Headers */,
				1FE661C11343BA7E00896670 /* rodrigues.h in Headers */,
				1FE661C41343BA7E00896670 /* library.h in Headers */,
				1FE661C71343BA7E00896670 /* numerics1.h in Headers */,
				1FE661C91343BA7E00896670 /* orsa.h in Headers */,
				1FE661CB1343BA7E00896670 /* splines.h in Headers */,
				1FE661D61343BA8A00896670 /* json_batchallocator.h in Headers */,
			);
			runOnlyForDeploymentPostprocessing = 0;
		};
/* End PBXHeadersBuildPhase section */

/* Begin PBXNativeTarget section */
		D2AAC0620554660B00DB518D /* unlogo */ = {
			isa = PBXNativeTarget;
			buildConfigurationList = 1DEB914A08733D8E0010E9CD /* Build configuration list for PBXNativeTarget "unlogo" */;
			buildPhases = (
				D2AAC0600554660B00DB518D /* Headers */,
				D2AAC0610554660B00DB518D /* Sources */,
				D289988505E68E00004EDB86 /* Frameworks */,
			);
			buildRules = (
			);
			dependencies = (
			);
			name = unlogo;
			productName = unlogo;
			productReference = D2AAC0630554660B00DB518D /* unlogo.dylib */;
			productType = "com.apple.product-type.library.dynamic";
		};
/* End PBXNativeTarget section */

/* Begin PBXProject section */
		08FB7793FE84155DC02AAC07 /* Project object */ = {
			isa = PBXProject;
			buildConfigurationList = 1DEB914E08733D8E0010E9CD /* Build configuration list for PBXProject "unlogo" */;
			compatibilityVersion = "Xcode 3.1";
			developmentRegion = English;
			hasScannedForEncodings = 1;
			knownRegions = (
				English,
				Japanese,
				French,
				German,
			);
			mainGroup = 08FB7794FE84155DC02AAC07 /* unlogo */;
			projectDirPath = "";
			projectRoot = "";
			targets = (
				D2AAC0620554660B00DB518D /* unlogo */,
			);
		};
/* End PBXProject section */

/* Begin PBXSourcesBuildPhase section */
		D2AAC0610554660B00DB518D /* Sources */ = {
			isa = PBXSourcesBuildPhase;
			buildActionMask = 2147483647;
			files = (
				1FE660EA1343BA6600896670 /* Mirror.cpp in Sources */,
				1FE660EC1343BA6600896670 /* Threshold.cpp in Sources */,
				1FE660EE1343BA6600896670 /* Image.cpp in Sources */,
				1FE660F01343BA6600896670 /* ASIFTMatcher.cpp in Sources */,
				1FE660F21343BA6600896670 /* ChamerMatcher.cpp in Sources */,
				1FE660F41343BA6600896670 /* ContourFinder.cpp in Sources */,
				1FE660F61343BA6600896670 /* FernsMatcher.cpp in Sources */,
				1FE660F81343BA6600896670 /* FlowFinder.cpp in Sources */,
				1FE660FA1343BA6600896670 /* GenericMatcher.cpp in Sources */,
				1FE660FC1343BA6600896670 /* JSONElement.cpp in Sources */,
				1FE660FE1343BA6600896670 /* utils.cpp in Sources */,
				1FE661031343BA6F00896670 /* main.cpp in Sources */,
				1FE661041343BA6F00896670 /* unlogo.cpp in Sources */,
				1FE661741343BA7E00896670 /* compute_asift_keypoints.cpp in Sources */,
				1FE661761343BA7E00896670 /* compute_asift_matches.cpp in Sources */,
				1FE6617A1343BA7E00896670 /* demo_lib_sift.cpp in Sources */,
				1FE6617C1343BA7E00896670 /* domain.cpp in Sources */,
				1FE6617E1343BA7E00896670 /* filter.cpp in Sources */,
				1FE661801343BA7E00896670 /* flimage.cpp in Sources */,
				1FE661821343BA7E00896670 /* fproj.cpp in Sources */,
				1FE661841343BA7E00896670 /* frot.cpp in Sources */,
				1FE661B71343BA7E00896670 /* match.cpp in Sources */,
				1FE661B91343BA7E00896670 /* computeH.cpp in Sources */,
				1FE661BA1343BA7E00896670 /* homography.cpp in Sources */,
				1FE661BC1343BA7E00896670 /* matrix.cpp in Sources */,
				1FE661BE1343BA7E00896670 /* numerics.cpp in Sources */,
				1FE661C01343BA7E00896670 /* rodrigues.cpp in Sources */,
				1FE661C21343BA7E00896670 /* vector.cpp in Sources */,
				1FE661C31343BA7E00896670 /* library.cpp in Sources */,
				1FE661C61343BA7E00896670 /* numerics1.cpp in Sources */,
				1FE661C81343BA7E00896670 /* orsa.cpp in Sources */,
				1FE661CA1343BA7E00896670 /* splines.cpp in Sources */,
				1FE661D71343BA8A00896670 /* json_reader.cpp in Sources */,
				1FE661D81343BA8A00896670 /* json_value.cpp in Sources */,
				1FE661D91343BA8A00896670 /* json_writer.cpp in Sources */,
			);
			runOnlyForDeploymentPostprocessing = 0;
		};
/* End PBXSourcesBuildPhase section */

/* Begin XCBuildConfiguration section */
		1DEB914B08733D8E0010E9CD /* Debug */ = {
			isa = XCBuildConfiguration;
			buildSettings = {
				ALWAYS_SEARCH_USER_PATHS = NO;
				COPY_PHASE_STRIP = NO;
				EXECUTABLE_PREFIX = "";
				GCC_DYNAMIC_NO_PIC = NO;
				GCC_ENABLE_FIX_AND_CONTINUE = YES;
				GCC_MODEL_TUNING = G5;
				GCC_OPTIMIZATION_LEVEL = 0;
				HEADER_SEARCH_PATHS = (
					/usr/local/include,
					"\"$(SRCROOT)/../3rdParty/jsoncpp-src-0.5.0/include\"",
				);
				INSTALL_PATH = /usr/local/lib;
				PRODUCT_NAME = "$(TARGET_NAME)";
			};
			name = Debug;
		};
		1DEB914C08733D8E0010E9CD /* Release */ = {
			isa = XCBuildConfiguration;
			buildSettings = {
				ALWAYS_SEARCH_USER_PATHS = NO;
				DEBUG_INFORMATION_FORMAT = "dwarf-with-dsym";
				EXECUTABLE_PREFIX = "";
				GCC_MODEL_TUNING = G5;
				HEADER_SEARCH_PATHS = (
					/usr/local/include,
					"\"$(SRCROOT)/../3rdParty/jsoncpp-src-0.5.0/include\"",
				);
				INSTALL_PATH = /usr/local/lib;
				PRODUCT_NAME = "$(TARGET_NAME)";
			};
			name = Release;
		};
		1DEB914F08733D8E0010E9CD /* Debug */ = {
			isa = XCBuildConfiguration;
			buildSettings = {
				ARCHS = "$(ARCHS_STANDARD_32_64_BIT)";
				GCC_C_LANGUAGE_STANDARD = gnu99;
				GCC_OPTIMIZATION_LEVEL = 0;
				GCC_WARN_ABOUT_RETURN_TYPE = YES;
				GCC_WARN_UNUSED_VARIABLE = YES;
				ONLY_ACTIVE_ARCH = YES;
				PREBINDING = NO;
				SDKROOT = macosx10.6;
			};
			name = Debug;
		};
		1DEB915008733D8E0010E9CD /* Release */ = {
			isa = XCBuildConfiguration;
			buildSettings = {
				ARCHS = "$(ARCHS_STANDARD_32_64_BIT)";
				GCC_C_LANGUAGE_STANDARD = gnu99;
				GCC_WARN_ABOUT_RETURN_TYPE = YES;
				GCC_WARN_UNUSED_VARIABLE = YES;
				PREBINDING = NO;
				SDKROOT = macosx10.6;
			};
			name = Release;
		};
/* End XCBuildConfiguration section */

/* Begin XCConfigurationList section */
		1DEB914A08733D8E0010E9CD /* Build configuration list for PBXNativeTarget "unlogo" */ = {
			isa = XCConfigurationList;
			buildConfigurations = (
				1DEB914B08733D8E0010E9CD /* Debug */,
				1DEB914C08733D8E0010E9CD /* Release */,
			);
			defaultConfigurationIsVisible = 0;
			defaultConfigurationName = Release;
		};
		1DEB914E08733D8E0010E9CD /* Build configuration list for PBXProject "unlogo" */ = {
			isa = XCConfigurationList;
			buildConfigurations = (
				1DEB914F08733D8E0010E9CD /* Debug */,
				1DEB915008733D8E0010E9CD /* Release */,
			);
			defaultConfigurationIsVisible = 0;
			defaultConfigurationName = Release;
		};
/* End XCConfigurationList section */
	};
	rootObject = 08FB7793FE84155DC02AAC07 /* Project object */;
}
