// !$*UTF8*$!
{
	archiveVersion = 1;
	classes = {
	};
	objectVersion = 45;
	objects = {

/* Begin PBXBuildFile section */
		1F6F147013206CC000457F54 /* BaseApp.cpp in Sources */ = {isa = PBXBuildFile; fileRef = 1F6F145A13206CBF00457F54 /* BaseApp.cpp */; };
		1F6F147113206CC000457F54 /* FlowFinder.cpp in Sources */ = {isa = PBXBuildFile; fileRef = 1F6F145D13206CBF00457F54 /* FlowFinder.cpp */; };
		1F6F147213206CC000457F54 /* Grayscale.cpp in Sources */ = {isa = PBXBuildFile; fileRef = 1F6F145F13206CC000457F54 /* Grayscale.cpp */; };
		1F6F147313206CC000457F54 /* Image.cpp in Sources */ = {isa = PBXBuildFile; fileRef = 1F6F146113206CC000457F54 /* Image.cpp */; };
		1F6F147413206CC000457F54 /* main.cpp in Sources */ = {isa = PBXBuildFile; fileRef = 1F6F146313206CC000457F54 /* main.cpp */; };
		1F6F147513206CC000457F54 /* Mirror.cpp in Sources */ = {isa = PBXBuildFile; fileRef = 1F6F146413206CC000457F54 /* Mirror.cpp */; };
		1F6F147613206CC000457F54 /* Query.cpp in Sources */ = {isa = PBXBuildFile; fileRef = 1F6F146613206CC000457F54 /* Query.cpp */; };
		1F6F147713206CC000457F54 /* testApp.cpp in Sources */ = {isa = PBXBuildFile; fileRef = 1F6F146813206CC000457F54 /* testApp.cpp */; };
		1F6F147813206CC000457F54 /* Threshold.cpp in Sources */ = {isa = PBXBuildFile; fileRef = 1F6F146A13206CC000457F54 /* Threshold.cpp */; };
		1F6F147913206CC000457F54 /* Train.cpp in Sources */ = {isa = PBXBuildFile; fileRef = 1F6F146C13206CC000457F54 /* Train.cpp */; };
		1F6F147A13206CC000457F54 /* utils.cpp in Sources */ = {isa = PBXBuildFile; fileRef = 1F6F146E13206CC000457F54 /* utils.cpp */; };
		8D11072B0486CEB800E47090 /* InfoPlist.strings in Resources */ = {isa = PBXBuildFile; fileRef = 089C165CFE840E0CC02AAC07 /* InfoPlist.strings */; };
		8D11072F0486CEB800E47090 /* Cocoa.framework in Frameworks */ = {isa = PBXBuildFile; fileRef = 1058C7A1FEA54F0111CA2CBB /* Cocoa.framework */; };
/* End PBXBuildFile section */

/* Begin PBXFileReference section */
		089C165DFE840E0CC02AAC07 /* English */ = {isa = PBXFileReference; fileEncoding = 4; lastKnownFileType = text.plist.strings; name = English; path = English.lproj/InfoPlist.strings; sourceTree = "<group>"; };
		1058C7A1FEA54F0111CA2CBB /* Cocoa.framework */ = {isa = PBXFileReference; lastKnownFileType = wrapper.framework; name = Cocoa.framework; path = /System/Library/Frameworks/Cocoa.framework; sourceTree = "<absolute>"; };
		1F6F145A13206CBF00457F54 /* BaseApp.cpp */ = {isa = PBXFileReference; fileEncoding = 4; lastKnownFileType = sourcecode.cpp.cpp; name = BaseApp.cpp; path = src/BaseApp.cpp; sourceTree = SOURCE_ROOT; };
		1F6F145B13206CBF00457F54 /* BaseApp.h */ = {isa = PBXFileReference; fileEncoding = 4; lastKnownFileType = sourcecode.c.h; name = BaseApp.h; path = src/BaseApp.h; sourceTree = SOURCE_ROOT; };
		1F6F145C13206CBF00457F54 /* Effect.h */ = {isa = PBXFileReference; fileEncoding = 4; lastKnownFileType = sourcecode.c.h; name = Effect.h; path = src/Effect.h; sourceTree = SOURCE_ROOT; };
		1F6F145D13206CBF00457F54 /* FlowFinder.cpp */ = {isa = PBXFileReference; fileEncoding = 4; lastKnownFileType = sourcecode.cpp.cpp; name = FlowFinder.cpp; path = src/FlowFinder.cpp; sourceTree = SOURCE_ROOT; };
		1F6F145E13206CBF00457F54 /* FlowFinder.h */ = {isa = PBXFileReference; fileEncoding = 4; lastKnownFileType = sourcecode.c.h; name = FlowFinder.h; path = src/FlowFinder.h; sourceTree = SOURCE_ROOT; };
		1F6F145F13206CC000457F54 /* Grayscale.cpp */ = {isa = PBXFileReference; fileEncoding = 4; lastKnownFileType = sourcecode.cpp.cpp; name = Grayscale.cpp; path = src/Grayscale.cpp; sourceTree = SOURCE_ROOT; };
		1F6F146013206CC000457F54 /* Grayscale.h */ = {isa = PBXFileReference; fileEncoding = 4; lastKnownFileType = sourcecode.c.h; name = Grayscale.h; path = src/Grayscale.h; sourceTree = SOURCE_ROOT; };
		1F6F146113206CC000457F54 /* Image.cpp */ = {isa = PBXFileReference; fileEncoding = 4; lastKnownFileType = sourcecode.cpp.cpp; name = Image.cpp; path = src/Image.cpp; sourceTree = SOURCE_ROOT; };
		1F6F146213206CC000457F54 /* Image.h */ = {isa = PBXFileReference; fileEncoding = 4; lastKnownFileType = sourcecode.c.h; name = Image.h; path = src/Image.h; sourceTree = SOURCE_ROOT; };
		1F6F146313206CC000457F54 /* main.cpp */ = {isa = PBXFileReference; fileEncoding = 4; lastKnownFileType = sourcecode.cpp.cpp; name = main.cpp; path = src/main.cpp; sourceTree = SOURCE_ROOT; };
		1F6F146413206CC000457F54 /* Mirror.cpp */ = {isa = PBXFileReference; fileEncoding = 4; lastKnownFileType = sourcecode.cpp.cpp; name = Mirror.cpp; path = src/Mirror.cpp; sourceTree = SOURCE_ROOT; };
		1F6F146513206CC000457F54 /* Mirror.h */ = {isa = PBXFileReference; fileEncoding = 4; lastKnownFileType = sourcecode.c.h; name = Mirror.h; path = src/Mirror.h; sourceTree = SOURCE_ROOT; };
		1F6F146613206CC000457F54 /* Query.cpp */ = {isa = PBXFileReference; fileEncoding = 4; lastKnownFileType = sourcecode.cpp.cpp; name = Query.cpp; path = src/Query.cpp; sourceTree = SOURCE_ROOT; };
		1F6F146713206CC000457F54 /* Query.h */ = {isa = PBXFileReference; fileEncoding = 4; lastKnownFileType = sourcecode.c.h; name = Query.h; path = src/Query.h; sourceTree = SOURCE_ROOT; };
		1F6F146813206CC000457F54 /* testApp.cpp */ = {isa = PBXFileReference; fileEncoding = 4; lastKnownFileType = sourcecode.cpp.cpp; name = testApp.cpp; path = src/testApp.cpp; sourceTree = SOURCE_ROOT; };
		1F6F146913206CC000457F54 /* testApp.h */ = {isa = PBXFileReference; fileEncoding = 4; lastKnownFileType = sourcecode.c.h; name = testApp.h; path = src/testApp.h; sourceTree = SOURCE_ROOT; };
		1F6F146A13206CC000457F54 /* Threshold.cpp */ = {isa = PBXFileReference; fileEncoding = 4; lastKnownFileType = sourcecode.cpp.cpp; name = Threshold.cpp; path = src/Threshold.cpp; sourceTree = SOURCE_ROOT; };
		1F6F146B13206CC000457F54 /* Threshold.h */ = {isa = PBXFileReference; fileEncoding = 4; lastKnownFileType = sourcecode.c.h; name = Threshold.h; path = src/Threshold.h; sourceTree = SOURCE_ROOT; };
		1F6F146C13206CC000457F54 /* Train.cpp */ = {isa = PBXFileReference; fileEncoding = 4; lastKnownFileType = sourcecode.cpp.cpp; name = Train.cpp; path = src/Train.cpp; sourceTree = SOURCE_ROOT; };
		1F6F146D13206CC000457F54 /* Train.h */ = {isa = PBXFileReference; fileEncoding = 4; lastKnownFileType = sourcecode.c.h; name = Train.h; path = src/Train.h; sourceTree = SOURCE_ROOT; };
		1F6F146E13206CC000457F54 /* utils.cpp */ = {isa = PBXFileReference; fileEncoding = 4; lastKnownFileType = sourcecode.cpp.cpp; name = utils.cpp; path = src/utils.cpp; sourceTree = SOURCE_ROOT; };
		1F6F146F13206CC000457F54 /* utils.h */ = {isa = PBXFileReference; fileEncoding = 4; lastKnownFileType = sourcecode.c.h; name = utils.h; path = src/utils.h; sourceTree = SOURCE_ROOT; };
		8D1107310486CEB800E47090 /* scratch-Info.plist */ = {isa = PBXFileReference; fileEncoding = 4; lastKnownFileType = text.plist.xml; path = "scratch-Info.plist"; sourceTree = "<group>"; };
		8D1107320486CEB800E47090 /* scratch.app */ = {isa = PBXFileReference; explicitFileType = wrapper.application; includeInIndex = 0; path = scratch.app; sourceTree = BUILT_PRODUCTS_DIR; };
/* End PBXFileReference section */

/* Begin PBXFrameworksBuildPhase section */
		8D11072E0486CEB800E47090 /* Frameworks */ = {
			isa = PBXFrameworksBuildPhase;
			buildActionMask = 2147483647;
			files = (
				8D11072F0486CEB800E47090 /* Cocoa.framework in Frameworks */,
			);
			runOnlyForDeploymentPostprocessing = 0;
		};
/* End PBXFrameworksBuildPhase section */

/* Begin PBXGroup section */
		080E96DDFE201D6D7F000001 /* Classes */ = {
			isa = PBXGroup;
			children = (
			);
			name = Classes;
			sourceTree = "<group>";
		};
		1058C7A0FEA54F0111CA2CBB /* Linked Frameworks */ = {
			isa = PBXGroup;
			children = (
				1058C7A1FEA54F0111CA2CBB /* Cocoa.framework */,
			);
			name = "Linked Frameworks";
			sourceTree = "<group>";
		};
		1058C7A2FEA54F0111CA2CBB /* Other Frameworks */ = {
			isa = PBXGroup;
			children = (
			);
			name = "Other Frameworks";
			sourceTree = "<group>";
		};
		19C28FACFE9D520D11CA2CBB /* Products */ = {
			isa = PBXGroup;
			children = (
				8D1107320486CEB800E47090 /* scratch.app */,
			);
			name = Products;
			sourceTree = "<group>";
		};
		29B97314FDCFA39411CA2CEA /* scratch */ = {
			isa = PBXGroup;
			children = (
				080E96DDFE201D6D7F000001 /* Classes */,
				29B97315FDCFA39411CA2CEA /* Other Sources */,
				29B97317FDCFA39411CA2CEA /* Resources */,
				29B97323FDCFA39411CA2CEA /* Frameworks */,
				19C28FACFE9D520D11CA2CBB /* Products */,
			);
			name = scratch;
			sourceTree = "<group>";
		};
		29B97315FDCFA39411CA2CEA /* Other Sources */ = {
			isa = PBXGroup;
			children = (
				1F6F145A13206CBF00457F54 /* BaseApp.cpp */,
				1F6F145B13206CBF00457F54 /* BaseApp.h */,
				1F6F145C13206CBF00457F54 /* Effect.h */,
				1F6F145D13206CBF00457F54 /* FlowFinder.cpp */,
				1F6F145E13206CBF00457F54 /* FlowFinder.h */,
				1F6F145F13206CC000457F54 /* Grayscale.cpp */,
				1F6F146013206CC000457F54 /* Grayscale.h */,
				1F6F146113206CC000457F54 /* Image.cpp */,
				1F6F146213206CC000457F54 /* Image.h */,
				1F6F146313206CC000457F54 /* main.cpp */,
				1F6F146413206CC000457F54 /* Mirror.cpp */,
				1F6F146513206CC000457F54 /* Mirror.h */,
				1F6F146613206CC000457F54 /* Query.cpp */,
				1F6F146713206CC000457F54 /* Query.h */,
				1F6F146813206CC000457F54 /* testApp.cpp */,
				1F6F146913206CC000457F54 /* testApp.h */,
				1F6F146A13206CC000457F54 /* Threshold.cpp */,
				1F6F146B13206CC000457F54 /* Threshold.h */,
				1F6F146C13206CC000457F54 /* Train.cpp */,
				1F6F146D13206CC000457F54 /* Train.h */,
				1F6F146E13206CC000457F54 /* utils.cpp */,
				1F6F146F13206CC000457F54 /* utils.h */,
			);
			name = "Other Sources";
			sourceTree = "<group>";
		};
		29B97317FDCFA39411CA2CEA /* Resources */ = {
			isa = PBXGroup;
			children = (
				8D1107310486CEB800E47090 /* scratch-Info.plist */,
				089C165CFE840E0CC02AAC07 /* InfoPlist.strings */,
			);
			name = Resources;
			sourceTree = "<group>";
		};
		29B97323FDCFA39411CA2CEA /* Frameworks */ = {
			isa = PBXGroup;
			children = (
				1058C7A0FEA54F0111CA2CBB /* Linked Frameworks */,
				1058C7A2FEA54F0111CA2CBB /* Other Frameworks */,
			);
			name = Frameworks;
			sourceTree = "<group>";
		};
/* End PBXGroup section */

/* Begin PBXNativeTarget section */
		8D1107260486CEB800E47090 /* structure */ = {
			isa = PBXNativeTarget;
			buildConfigurationList = C01FCF4A08A954540054247B /* Build configuration list for PBXNativeTarget "structure" */;
			buildPhases = (
				8D1107290486CEB800E47090 /* Resources */,
				8D11072C0486CEB800E47090 /* Sources */,
				8D11072E0486CEB800E47090 /* Frameworks */,
			);
			buildRules = (
			);
			dependencies = (
			);
			name = structure;
			productInstallPath = "$(HOME)/Applications";
			productName = scratch;
			productReference = 8D1107320486CEB800E47090 /* scratch.app */;
			productType = "com.apple.product-type.application";
		};
/* End PBXNativeTarget section */

/* Begin PBXProject section */
		29B97313FDCFA39411CA2CEA /* Project object */ = {
			isa = PBXProject;
			buildConfigurationList = C01FCF4E08A954540054247B /* Build configuration list for PBXProject "structure" */;
			compatibilityVersion = "Xcode 3.1";
			developmentRegion = English;
			hasScannedForEncodings = 1;
			knownRegions = (
				English,
				Japanese,
				French,
				German,
			);
			mainGroup = 29B97314FDCFA39411CA2CEA /* scratch */;
			projectDirPath = "";
			projectRoot = "";
			targets = (
				8D1107260486CEB800E47090 /* structure */,
			);
		};
/* End PBXProject section */

/* Begin PBXResourcesBuildPhase section */
		8D1107290486CEB800E47090 /* Resources */ = {
			isa = PBXResourcesBuildPhase;
			buildActionMask = 2147483647;
			files = (
				8D11072B0486CEB800E47090 /* InfoPlist.strings in Resources */,
			);
			runOnlyForDeploymentPostprocessing = 0;
		};
/* End PBXResourcesBuildPhase section */

/* Begin PBXSourcesBuildPhase section */
		8D11072C0486CEB800E47090 /* Sources */ = {
			isa = PBXSourcesBuildPhase;
			buildActionMask = 2147483647;
			files = (
				1F6F147013206CC000457F54 /* BaseApp.cpp in Sources */,
				1F6F147113206CC000457F54 /* FlowFinder.cpp in Sources */,
				1F6F147213206CC000457F54 /* Grayscale.cpp in Sources */,
				1F6F147313206CC000457F54 /* Image.cpp in Sources */,
				1F6F147413206CC000457F54 /* main.cpp in Sources */,
				1F6F147513206CC000457F54 /* Mirror.cpp in Sources */,
				1F6F147613206CC000457F54 /* Query.cpp in Sources */,
				1F6F147713206CC000457F54 /* testApp.cpp in Sources */,
				1F6F147813206CC000457F54 /* Threshold.cpp in Sources */,
				1F6F147913206CC000457F54 /* Train.cpp in Sources */,
				1F6F147A13206CC000457F54 /* utils.cpp in Sources */,
			);
			runOnlyForDeploymentPostprocessing = 0;
		};
/* End PBXSourcesBuildPhase section */

/* Begin PBXVariantGroup section */
		089C165CFE840E0CC02AAC07 /* InfoPlist.strings */ = {
			isa = PBXVariantGroup;
			children = (
				089C165DFE840E0CC02AAC07 /* English */,
			);
			name = InfoPlist.strings;
			sourceTree = "<group>";
		};
/* End PBXVariantGroup section */

/* Begin XCBuildConfiguration section */
		C01FCF4B08A954540054247B /* Debug */ = {
			isa = XCBuildConfiguration;
			buildSettings = {
				ALWAYS_SEARCH_USER_PATHS = NO;
				COPY_PHASE_STRIP = NO;
				GCC_DYNAMIC_NO_PIC = NO;
				GCC_ENABLE_FIX_AND_CONTINUE = YES;
				GCC_MODEL_TUNING = G5;
				GCC_OPTIMIZATION_LEVEL = 0;
				GCC_PRECOMPILE_PREFIX_HEADER = YES;
				GCC_PREFIX_HEADER = "$(SYSTEM_LIBRARY_DIR)/Frameworks/Carbon.framework/Headers/Carbon.h";
				HEADER_SEARCH_PATHS = /opt/local/include;
				INFOPLIST_FILE = "scratch-Info.plist";
				INSTALL_PATH = "$(HOME)/Applications";
				LIBRARY_SEARCH_PATHS = (
					"$(inherited)",
					/opt/local/lib,
				);
				OTHER_CFLAGS = "-DBUILD_DEBUG";
				PRODUCT_NAME = scratch;
			};
			name = Debug;
		};
		C01FCF4C08A954540054247B /* Release */ = {
			isa = XCBuildConfiguration;
			buildSettings = {
				ALWAYS_SEARCH_USER_PATHS = NO;
				DEBUG_INFORMATION_FORMAT = "dwarf-with-dsym";
				GCC_MODEL_TUNING = G5;
				GCC_PRECOMPILE_PREFIX_HEADER = YES;
				GCC_PREFIX_HEADER = "$(SYSTEM_LIBRARY_DIR)/Frameworks/Carbon.framework/Headers/Carbon.h";
				HEADER_SEARCH_PATHS = /opt/local/include;
				INFOPLIST_FILE = "scratch-Info.plist";
				INSTALL_PATH = "$(HOME)/Applications";
				LIBRARY_SEARCH_PATHS = (
					"$(inherited)",
					/opt/local/lib,
				);
				OTHER_CFLAGS = "-DBUILD_RELEASE";
				PRODUCT_NAME = scratch;
			};
			name = Release;
		};
		C01FCF4F08A954540054247B /* Debug */ = {
			isa = XCBuildConfiguration;
			buildSettings = {
				ARCHS = "$(ARCHS_STANDARD_32_64_BIT)";
				GCC_C_LANGUAGE_STANDARD = gnu99;
				GCC_OPTIMIZATION_LEVEL = 0;
				GCC_WARN_ABOUT_RETURN_TYPE = YES;
				GCC_WARN_UNUSED_VARIABLE = YES;
				ONLY_ACTIVE_ARCH = YES;
				PREBINDING = NO;
				SDKROOT = macosx10.6;
			};
			name = Debug;
		};
		C01FCF5008A954540054247B /* Release */ = {
			isa = XCBuildConfiguration;
			buildSettings = {
				ARCHS = "$(ARCHS_STANDARD_32_64_BIT)";
				GCC_C_LANGUAGE_STANDARD = gnu99;
				GCC_WARN_ABOUT_RETURN_TYPE = YES;
				GCC_WARN_UNUSED_VARIABLE = YES;
				PREBINDING = NO;
				SDKROOT = macosx10.6;
			};
			name = Release;
		};
/* End XCBuildConfiguration section */

/* Begin XCConfigurationList section */
		C01FCF4A08A954540054247B /* Build configuration list for PBXNativeTarget "structure" */ = {
			isa = XCConfigurationList;
			buildConfigurations = (
				C01FCF4B08A954540054247B /* Debug */,
				C01FCF4C08A954540054247B /* Release */,
			);
			defaultConfigurationIsVisible = 0;
			defaultConfigurationName = Release;
		};
		C01FCF4E08A954540054247B /* Build configuration list for PBXProject "structure" */ = {
			isa = XCConfigurationList;
			buildConfigurations = (
				C01FCF4F08A954540054247B /* Debug */,
				C01FCF5008A954540054247B /* Release */,
			);
			defaultConfigurationIsVisible = 0;
			defaultConfigurationName = Release;
		};
/* End XCConfigurationList section */
	};
	rootObject = 29B97313FDCFA39411CA2CEA /* Project object */;
}
