// !$*UTF8*$!
{
	archiveVersion = 1;
	classes = {
	};
	objectVersion = 45;
	objects = {

/* Begin PBXBuildFile section */
		1F25A808134CB5B0003CA658 /* Effect.h in Headers */ = {isa = PBXBuildFile; fileRef = 1F25A65D134CB5B0003CA658 /* Effect.h */; };
		1F25A809134CB5B0003CA658 /* Mirror.cpp in Sources */ = {isa = PBXBuildFile; fileRef = 1F25A65E134CB5B0003CA658 /* Mirror.cpp */; };
		1F25A80A134CB5B0003CA658 /* Mirror.h in Headers */ = {isa = PBXBuildFile; fileRef = 1F25A65F134CB5B0003CA658 /* Mirror.h */; };
		1F25A80B134CB5B0003CA658 /* Threshold.cpp in Sources */ = {isa = PBXBuildFile; fileRef = 1F25A660134CB5B0003CA658 /* Threshold.cpp */; };
		1F25A80C134CB5B0003CA658 /* Threshold.h in Headers */ = {isa = PBXBuildFile; fileRef = 1F25A661134CB5B0003CA658 /* Threshold.h */; };
		1F25A80D134CB5B0003CA658 /* Image.cpp in Sources */ = {isa = PBXBuildFile; fileRef = 1F25A663134CB5B0003CA658 /* Image.cpp */; };
		1F25A80E134CB5B0003CA658 /* Image.h in Headers */ = {isa = PBXBuildFile; fileRef = 1F25A664134CB5B0003CA658 /* Image.h */; };
		1F25A8DD134CB5B0003CA658 /* autolink.h in Headers */ = {isa = PBXBuildFile; fileRef = 1F25A7F0134CB5B0003CA658 /* autolink.h */; };
		1F25A8DE134CB5B0003CA658 /* config.h in Headers */ = {isa = PBXBuildFile; fileRef = 1F25A7F1134CB5B0003CA658 /* config.h */; };
		1F25A8DF134CB5B0003CA658 /* features.h in Headers */ = {isa = PBXBuildFile; fileRef = 1F25A7F2134CB5B0003CA658 /* features.h */; };
		1F25A8E0134CB5B0003CA658 /* forwards.h in Headers */ = {isa = PBXBuildFile; fileRef = 1F25A7F3134CB5B0003CA658 /* forwards.h */; };
		1F25A8E1134CB5B0003CA658 /* json.h in Headers */ = {isa = PBXBuildFile; fileRef = 1F25A7F4134CB5B0003CA658 /* json.h */; };
		1F25A8E2134CB5B0003CA658 /* reader.h in Headers */ = {isa = PBXBuildFile; fileRef = 1F25A7F5134CB5B0003CA658 /* reader.h */; };
		1F25A8E3134CB5B0003CA658 /* value.h in Headers */ = {isa = PBXBuildFile; fileRef = 1F25A7F6134CB5B0003CA658 /* value.h */; };
		1F25A8E4134CB5B0003CA658 /* writer.h in Headers */ = {isa = PBXBuildFile; fileRef = 1F25A7F7134CB5B0003CA658 /* writer.h */; };
		1F25A8E5134CB5B0003CA658 /* json_batchallocator.h in Headers */ = {isa = PBXBuildFile; fileRef = 1F25A7FB134CB5B0003CA658 /* json_batchallocator.h */; };
		1F25A8E6134CB5B0003CA658 /* json_reader.cpp in Sources */ = {isa = PBXBuildFile; fileRef = 1F25A7FE134CB5B0003CA658 /* json_reader.cpp */; };
		1F25A8E7134CB5B0003CA658 /* json_value.cpp in Sources */ = {isa = PBXBuildFile; fileRef = 1F25A7FF134CB5B0003CA658 /* json_value.cpp */; };
		1F25A8E8134CB5B0003CA658 /* json_writer.cpp in Sources */ = {isa = PBXBuildFile; fileRef = 1F25A801134CB5B0003CA658 /* json_writer.cpp */; };
		1F25A8E9134CB5B0003CA658 /* JSONElement.cpp in Sources */ = {isa = PBXBuildFile; fileRef = 1F25A804134CB5B0003CA658 /* JSONElement.cpp */; };
		1F25A8EA134CB5B0003CA658 /* JSONElement.h in Headers */ = {isa = PBXBuildFile; fileRef = 1F25A805134CB5B0003CA658 /* JSONElement.h */; };
		1F25A8EB134CB5B0003CA658 /* utils.cpp in Sources */ = {isa = PBXBuildFile; fileRef = 1F25A806134CB5B0003CA658 /* utils.cpp */; };
		1F25A8EC134CB5B0003CA658 /* utils.h in Headers */ = {isa = PBXBuildFile; fileRef = 1F25A807134CB5B0003CA658 /* utils.h */; };
		1F25AA3E134CDC62003CA658 /* Compress.cpp in Sources */ = {isa = PBXBuildFile; fileRef = 1F25AA3C134CDC62003CA658 /* Compress.cpp */; };
		1F25AA3F134CDC62003CA658 /* Compress.h in Headers */ = {isa = PBXBuildFile; fileRef = 1F25AA3D134CDC62003CA658 /* Compress.h */; };
		1F6F13D1132055D500457F54 /* libopencv_calib3d.dylib in Frameworks */ = {isa = PBXBuildFile; fileRef = 1F6F13C5132055D500457F54 /* libopencv_calib3d.dylib */; };
		1F6F13D2132055D500457F54 /* libopencv_contrib.dylib in Frameworks */ = {isa = PBXBuildFile; fileRef = 1F6F13C6132055D500457F54 /* libopencv_contrib.dylib */; };
		1F6F13D3132055D500457F54 /* libopencv_core.dylib in Frameworks */ = {isa = PBXBuildFile; fileRef = 1F6F13C7132055D500457F54 /* libopencv_core.dylib */; };
		1F6F13D4132055D500457F54 /* libopencv_features2d.dylib in Frameworks */ = {isa = PBXBuildFile; fileRef = 1F6F13C8132055D500457F54 /* libopencv_features2d.dylib */; };
		1F6F13D7132055D500457F54 /* libopencv_highgui.dylib in Frameworks */ = {isa = PBXBuildFile; fileRef = 1F6F13CB132055D500457F54 /* libopencv_highgui.dylib */; };
		1F6F13D8132055D500457F54 /* libopencv_imgproc.dylib in Frameworks */ = {isa = PBXBuildFile; fileRef = 1F6F13CC132055D500457F54 /* libopencv_imgproc.dylib */; };
		1F6F13DB132055D500457F54 /* libopencv_objdetect.dylib in Frameworks */ = {isa = PBXBuildFile; fileRef = 1F6F13CF132055D500457F54 /* libopencv_objdetect.dylib */; };
		1F6F13DC132055D500457F54 /* libopencv_video.dylib in Frameworks */ = {isa = PBXBuildFile; fileRef = 1F6F13D0132055D500457F54 /* libopencv_video.dylib */; };
		1F7F60FB134D050C009DB73F /* TrainingSet.cpp in Sources */ = {isa = PBXBuildFile; fileRef = 1F7F60F9134D050C009DB73F /* TrainingSet.cpp */; };
		1F7F60FC134D050C009DB73F /* TrainingSet.h in Headers */ = {isa = PBXBuildFile; fileRef = 1F7F60FA134D050C009DB73F /* TrainingSet.h */; };
		1F7F60FF134D0515009DB73F /* TrainingImage.cpp in Sources */ = {isa = PBXBuildFile; fileRef = 1F7F60FD134D0515009DB73F /* TrainingImage.cpp */; };
		1F7F6100134D0515009DB73F /* TrainingImage.h in Headers */ = {isa = PBXBuildFile; fileRef = 1F7F60FE134D0515009DB73F /* TrainingImage.h */; };
		1F7F6105134D0530009DB73F /* FlowFinder.cpp in Sources */ = {isa = PBXBuildFile; fileRef = 1F7F6103134D0530009DB73F /* FlowFinder.cpp */; };
		1F7F6106134D0530009DB73F /* FlowFinder.h in Headers */ = {isa = PBXBuildFile; fileRef = 1F7F6104134D0530009DB73F /* FlowFinder.h */; };
		1F7F610E134D0690009DB73F /* libboost_filesystem.dylib in Frameworks */ = {isa = PBXBuildFile; fileRef = 1F7F610D134D0690009DB73F /* libboost_filesystem.dylib */; };
		1F7F6114134D06AC009DB73F /* libboost_system.dylib in Frameworks */ = {isa = PBXBuildFile; fileRef = 1F7F6113134D06AC009DB73F /* libboost_system.dylib */; };
		1FE661031343BA6F00896670 /* main.cpp in Sources */ = {isa = PBXBuildFile; fileRef = 1FE661001343BA6F00896670 /* main.cpp */; };
		1FE661041343BA6F00896670 /* unlogo.cpp in Sources */ = {isa = PBXBuildFile; fileRef = 1FE661011343BA6F00896670 /* unlogo.cpp */; };
		1FE661051343BA6F00896670 /* unlogo.h in Headers */ = {isa = PBXBuildFile; fileRef = 1FE661021343BA6F00896670 /* unlogo.h */; };
/* End PBXBuildFile section */

/* Begin PBXFileReference section */
		1F25A65D134CB5B0003CA658 /* Effect.h */ = {isa = PBXFileReference; fileEncoding = 4; lastKnownFileType = sourcecode.c.h; name = Effect.h; path = ../src/Effects/Effect.h; sourceTree = SOURCE_ROOT; };
		1F25A65E134CB5B0003CA658 /* Mirror.cpp */ = {isa = PBXFileReference; fileEncoding = 4; lastKnownFileType = sourcecode.cpp.cpp; name = Mirror.cpp; path = ../src/Effects/Mirror.cpp; sourceTree = SOURCE_ROOT; };
		1F25A65F134CB5B0003CA658 /* Mirror.h */ = {isa = PBXFileReference; fileEncoding = 4; lastKnownFileType = sourcecode.c.h; name = Mirror.h; path = ../src/Effects/Mirror.h; sourceTree = SOURCE_ROOT; };
		1F25A660134CB5B0003CA658 /* Threshold.cpp */ = {isa = PBXFileReference; fileEncoding = 4; lastKnownFileType = sourcecode.cpp.cpp; name = Threshold.cpp; path = ../src/Effects/Threshold.cpp; sourceTree = SOURCE_ROOT; };
		1F25A661134CB5B0003CA658 /* Threshold.h */ = {isa = PBXFileReference; fileEncoding = 4; lastKnownFileType = sourcecode.c.h; name = Threshold.h; path = ../src/Effects/Threshold.h; sourceTree = SOURCE_ROOT; };
		1F25A663134CB5B0003CA658 /* Image.cpp */ = {isa = PBXFileReference; fileEncoding = 4; lastKnownFileType = sourcecode.cpp.cpp; name = Image.cpp; path = ../src/Images/Image.cpp; sourceTree = SOURCE_ROOT; };
		1F25A664134CB5B0003CA658 /* Image.h */ = {isa = PBXFileReference; fileEncoding = 4; lastKnownFileType = sourcecode.c.h; name = Image.h; path = ../src/Images/Image.h; sourceTree = SOURCE_ROOT; };
		1F25A7F0134CB5B0003CA658 /* autolink.h */ = {isa = PBXFileReference; fileEncoding = 4; lastKnownFileType = sourcecode.c.h; name = autolink.h; path = ../src/Utils/JSONElement/jsoncpp/include/json/autolink.h; sourceTree = SOURCE_ROOT; };
		1F25A7F1134CB5B0003CA658 /* config.h */ = {isa = PBXFileReference; fileEncoding = 4; lastKnownFileType = sourcecode.c.h; name = config.h; path = ../src/Utils/JSONElement/jsoncpp/include/json/config.h; sourceTree = SOURCE_ROOT; };
		1F25A7F2134CB5B0003CA658 /* features.h */ = {isa = PBXFileReference; fileEncoding = 4; lastKnownFileType = sourcecode.c.h; name = features.h; path = ../src/Utils/JSONElement/jsoncpp/include/json/features.h; sourceTree = SOURCE_ROOT; };
		1F25A7F3134CB5B0003CA658 /* forwards.h */ = {isa = PBXFileReference; fileEncoding = 4; lastKnownFileType = sourcecode.c.h; name = forwards.h; path = ../src/Utils/JSONElement/jsoncpp/include/json/forwards.h; sourceTree = SOURCE_ROOT; };
		1F25A7F4134CB5B0003CA658 /* json.h */ = {isa = PBXFileReference; fileEncoding = 4; lastKnownFileType = sourcecode.c.h; name = json.h; path = ../src/Utils/JSONElement/jsoncpp/include/json/json.h; sourceTree = SOURCE_ROOT; };
		1F25A7F5134CB5B0003CA658 /* reader.h */ = {isa = PBXFileReference; fileEncoding = 4; lastKnownFileType = sourcecode.c.h; name = reader.h; path = ../src/Utils/JSONElement/jsoncpp/include/json/reader.h; sourceTree = SOURCE_ROOT; };
		1F25A7F6134CB5B0003CA658 /* value.h */ = {isa = PBXFileReference; fileEncoding = 4; lastKnownFileType = sourcecode.c.h; name = value.h; path = ../src/Utils/JSONElement/jsoncpp/include/json/value.h; sourceTree = SOURCE_ROOT; };
		1F25A7F7134CB5B0003CA658 /* writer.h */ = {isa = PBXFileReference; fileEncoding = 4; lastKnownFileType = sourcecode.c.h; name = writer.h; path = ../src/Utils/JSONElement/jsoncpp/include/json/writer.h; sourceTree = SOURCE_ROOT; };
		1F25A7F8134CB5B0003CA658 /* LICENSE */ = {isa = PBXFileReference; fileEncoding = 4; lastKnownFileType = text; name = LICENSE; path = ../src/Utils/JSONElement/jsoncpp/LICENSE; sourceTree = SOURCE_ROOT; };
		1F25A7FB134CB5B0003CA658 /* json_batchallocator.h */ = {isa = PBXFileReference; fileEncoding = 4; lastKnownFileType = sourcecode.c.h; name = json_batchallocator.h; path = ../src/Utils/JSONElement/jsoncpp/src/lib_json/json_batchallocator.h; sourceTree = SOURCE_ROOT; };
		1F25A7FC134CB5B0003CA658 /* json_internalarray.inl */ = {isa = PBXFileReference; fileEncoding = 4; lastKnownFileType = text; name = json_internalarray.inl; path = ../src/Utils/JSONElement/jsoncpp/src/lib_json/json_internalarray.inl; sourceTree = SOURCE_ROOT; };
		1F25A7FD134CB5B0003CA658 /* json_internalmap.inl */ = {isa = PBXFileReference; fileEncoding = 4; lastKnownFileType = text; name = json_internalmap.inl; path = ../src/Utils/JSONElement/jsoncpp/src/lib_json/json_internalmap.inl; sourceTree = SOURCE_ROOT; };
		1F25A7FE134CB5B0003CA658 /* json_reader.cpp */ = {isa = PBXFileReference; fileEncoding = 4; lastKnownFileType = sourcecode.cpp.cpp; name = json_reader.cpp; path = ../src/Utils/JSONElement/jsoncpp/src/lib_json/json_reader.cpp; sourceTree = SOURCE_ROOT; };
		1F25A7FF134CB5B0003CA658 /* json_value.cpp */ = {isa = PBXFileReference; fileEncoding = 4; lastKnownFileType = sourcecode.cpp.cpp; name = json_value.cpp; path = ../src/Utils/JSONElement/jsoncpp/src/lib_json/json_value.cpp; sourceTree = SOURCE_ROOT; };
		1F25A800134CB5B0003CA658 /* json_valueiterator.inl */ = {isa = PBXFileReference; fileEncoding = 4; lastKnownFileType = text; name = json_valueiterator.inl; path = ../src/Utils/JSONElement/jsoncpp/src/lib_json/json_valueiterator.inl; sourceTree = SOURCE_ROOT; };
		1F25A801134CB5B0003CA658 /* json_writer.cpp */ = {isa = PBXFileReference; fileEncoding = 4; lastKnownFileType = sourcecode.cpp.cpp; name = json_writer.cpp; path = ../src/Utils/JSONElement/jsoncpp/src/lib_json/json_writer.cpp; sourceTree = SOURCE_ROOT; };
		1F25A802134CB5B0003CA658 /* sconscript */ = {isa = PBXFileReference; fileEncoding = 4; lastKnownFileType = text; name = sconscript; path = ../src/Utils/JSONElement/jsoncpp/src/lib_json/sconscript; sourceTree = SOURCE_ROOT; };
		1F25A803134CB5B0003CA658 /* version */ = {isa = PBXFileReference; fileEncoding = 4; lastKnownFileType = text; name = version; path = ../src/Utils/JSONElement/jsoncpp/version; sourceTree = SOURCE_ROOT; };
		1F25A804134CB5B0003CA658 /* JSONElement.cpp */ = {isa = PBXFileReference; fileEncoding = 4; lastKnownFileType = sourcecode.cpp.cpp; name = JSONElement.cpp; path = ../src/Utils/JSONElement/JSONElement.cpp; sourceTree = SOURCE_ROOT; };
		1F25A805134CB5B0003CA658 /* JSONElement.h */ = {isa = PBXFileReference; fileEncoding = 4; lastKnownFileType = sourcecode.c.h; name = JSONElement.h; path = ../src/Utils/JSONElement/JSONElement.h; sourceTree = SOURCE_ROOT; };
		1F25A806134CB5B0003CA658 /* utils.cpp */ = {isa = PBXFileReference; fileEncoding = 4; lastKnownFileType = sourcecode.cpp.cpp; name = utils.cpp; path = ../src/Utils/utils.cpp; sourceTree = SOURCE_ROOT; };
		1F25A807134CB5B0003CA658 /* utils.h */ = {isa = PBXFileReference; fileEncoding = 4; lastKnownFileType = sourcecode.c.h; name = utils.h; path = ../src/Utils/utils.h; sourceTree = SOURCE_ROOT; };
		1F25AA3C134CDC62003CA658 /* Compress.cpp */ = {isa = PBXFileReference; fileEncoding = 4; lastKnownFileType = sourcecode.cpp.cpp; name = Compress.cpp; path = ../src/Utils/Compress/Compress.cpp; sourceTree = SOURCE_ROOT; };
		1F25AA3D134CDC62003CA658 /* Compress.h */ = {isa = PBXFileReference; fileEncoding = 4; lastKnownFileType = sourcecode.c.h; name = Compress.h; path = ../src/Utils/Compress/Compress.h; sourceTree = SOURCE_ROOT; };
		1F6F13C5132055D500457F54 /* libopencv_calib3d.dylib */ = {isa = PBXFileReference; lastKnownFileType = "compiled.mach-o.dylib"; name = libopencv_calib3d.dylib; path = /usr/local/lib/libopencv_calib3d.dylib; sourceTree = "<absolute>"; };
		1F6F13C6132055D500457F54 /* libopencv_contrib.dylib */ = {isa = PBXFileReference; lastKnownFileType = "compiled.mach-o.dylib"; name = libopencv_contrib.dylib; path = /usr/local/lib/libopencv_contrib.dylib; sourceTree = "<absolute>"; };
		1F6F13C7132055D500457F54 /* libopencv_core.dylib */ = {isa = PBXFileReference; lastKnownFileType = "compiled.mach-o.dylib"; name = libopencv_core.dylib; path = /usr/local/lib/libopencv_core.dylib; sourceTree = "<absolute>"; };
		1F6F13C8132055D500457F54 /* libopencv_features2d.dylib */ = {isa = PBXFileReference; lastKnownFileType = "compiled.mach-o.dylib"; name = libopencv_features2d.dylib; path = /usr/local/lib/libopencv_features2d.dylib; sourceTree = "<absolute>"; };
		1F6F13CB132055D500457F54 /* libopencv_highgui.dylib */ = {isa = PBXFileReference; lastKnownFileType = "compiled.mach-o.dylib"; name = libopencv_highgui.dylib; path = /usr/local/lib/libopencv_highgui.dylib; sourceTree = "<absolute>"; };
		1F6F13CC132055D500457F54 /* libopencv_imgproc.dylib */ = {isa = PBXFileReference; lastKnownFileType = "compiled.mach-o.dylib"; name = libopencv_imgproc.dylib; path = /usr/local/lib/libopencv_imgproc.dylib; sourceTree = "<absolute>"; };
		1F6F13CF132055D500457F54 /* libopencv_objdetect.dylib */ = {isa = PBXFileReference; lastKnownFileType = "compiled.mach-o.dylib"; name = libopencv_objdetect.dylib; path = /usr/local/lib/libopencv_objdetect.dylib; sourceTree = "<absolute>"; };
		1F6F13D0132055D500457F54 /* libopencv_video.dylib */ = {isa = PBXFileReference; lastKnownFileType = "compiled.mach-o.dylib"; name = libopencv_video.dylib; path = /usr/local/lib/libopencv_video.dylib; sourceTree = "<absolute>"; };
		1F7F60F9134D050C009DB73F /* TrainingSet.cpp */ = {isa = PBXFileReference; fileEncoding = 4; lastKnownFileType = sourcecode.cpp.cpp; name = TrainingSet.cpp; path = ../src/Tools/TrainingSet.cpp; sourceTree = SOURCE_ROOT; };
		1F7F60FA134D050C009DB73F /* TrainingSet.h */ = {isa = PBXFileReference; fileEncoding = 4; lastKnownFileType = sourcecode.c.h; name = TrainingSet.h; path = ../src/Tools/TrainingSet.h; sourceTree = SOURCE_ROOT; };
		1F7F60FD134D0515009DB73F /* TrainingImage.cpp */ = {isa = PBXFileReference; fileEncoding = 4; lastKnownFileType = sourcecode.cpp.cpp; name = TrainingImage.cpp; path = ../src/Images/TrainingImage.cpp; sourceTree = SOURCE_ROOT; };
		1F7F60FE134D0515009DB73F /* TrainingImage.h */ = {isa = PBXFileReference; fileEncoding = 4; lastKnownFileType = sourcecode.c.h; name = TrainingImage.h; path = ../src/Images/TrainingImage.h; sourceTree = SOURCE_ROOT; };
		1F7F6103134D0530009DB73F /* FlowFinder.cpp */ = {isa = PBXFileReference; fileEncoding = 4; lastKnownFileType = sourcecode.cpp.cpp; name = FlowFinder.cpp; path = ../src/Tools/FlowFinder.cpp; sourceTree = SOURCE_ROOT; };
		1F7F6104134D0530009DB73F /* FlowFinder.h */ = {isa = PBXFileReference; fileEncoding = 4; lastKnownFileType = sourcecode.c.h; name = FlowFinder.h; path = ../src/Tools/FlowFinder.h; sourceTree = SOURCE_ROOT; };
		1F7F610D134D0690009DB73F /* libboost_filesystem.dylib */ = {isa = PBXFileReference; lastKnownFileType = "compiled.mach-o.dylib"; name = libboost_filesystem.dylib; path = /usr/local/lib/libboost_filesystem.dylib; sourceTree = "<absolute>"; };
		1F7F6113134D06AC009DB73F /* libboost_system.dylib */ = {isa = PBXFileReference; lastKnownFileType = "compiled.mach-o.dylib"; name = libboost_system.dylib; path = /usr/local/lib/libboost_system.dylib; sourceTree = "<absolute>"; };
		1FE661001343BA6F00896670 /* main.cpp */ = {isa = PBXFileReference; fileEncoding = 4; lastKnownFileType = sourcecode.cpp.cpp; name = main.cpp; path = src/main.cpp; sourceTree = SOURCE_ROOT; };
		1FE661011343BA6F00896670 /* unlogo.cpp */ = {isa = PBXFileReference; fileEncoding = 4; lastKnownFileType = sourcecode.cpp.cpp; name = unlogo.cpp; path = src/unlogo.cpp; sourceTree = SOURCE_ROOT; };
		1FE661021343BA6F00896670 /* unlogo.h */ = {isa = PBXFileReference; fileEncoding = 4; lastKnownFileType = sourcecode.c.h; name = unlogo.h; path = src/unlogo.h; sourceTree = SOURCE_ROOT; };
		D2AAC0630554660B00DB518D /* unlogo.dylib */ = {isa = PBXFileReference; explicitFileType = "compiled.mach-o.dylib"; includeInIndex = 0; path = unlogo.dylib; sourceTree = BUILT_PRODUCTS_DIR; };
/* End PBXFileReference section */

/* Begin PBXFrameworksBuildPhase section */
		D289988505E68E00004EDB86 /* Frameworks */ = {
			isa = PBXFrameworksBuildPhase;
			buildActionMask = 2147483647;
			files = (
				1F6F13D1132055D500457F54 /* libopencv_calib3d.dylib in Frameworks */,
				1F6F13D2132055D500457F54 /* libopencv_contrib.dylib in Frameworks */,
				1F6F13D3132055D500457F54 /* libopencv_core.dylib in Frameworks */,
				1F6F13D4132055D500457F54 /* libopencv_features2d.dylib in Frameworks */,
				1F6F13D7132055D500457F54 /* libopencv_highgui.dylib in Frameworks */,
				1F6F13D8132055D500457F54 /* libopencv_imgproc.dylib in Frameworks */,
				1F6F13DB132055D500457F54 /* libopencv_objdetect.dylib in Frameworks */,
				1F6F13DC132055D500457F54 /* libopencv_video.dylib in Frameworks */,
				1F7F610E134D0690009DB73F /* libboost_filesystem.dylib in Frameworks */,
				1F7F6114134D06AC009DB73F /* libboost_system.dylib in Frameworks */,
			);
			runOnlyForDeploymentPostprocessing = 0;
		};
/* End PBXFrameworksBuildPhase section */

/* Begin PBXGroup section */
		08FB7794FE84155DC02AAC07 /* unlogo */ = {
			isa = PBXGroup;
			children = (
				1FE660C31343BA5200896670 /* src */,
				1F25A65B134CB5B0003CA658 /* src */,
				1F6F1392132052EB00457F54 /* libs */,
				1AB674ADFE9D54B511CA2CBB /* Products */,
			);
			name = unlogo;
			sourceTree = "<group>";
		};
		1AB674ADFE9D54B511CA2CBB /* Products */ = {
			isa = PBXGroup;
			children = (
				D2AAC0630554660B00DB518D /* unlogo.dylib */,
			);
			name = Products;
			sourceTree = "<group>";
		};
		1F25A65B134CB5B0003CA658 /* src */ = {
			isa = PBXGroup;
			children = (
				1F25A65C134CB5B0003CA658 /* Effects */,
				1F25A662134CB5B0003CA658 /* Images */,
				1F25A665134CB5B0003CA658 /* Tools */,
				1F25A6E0134CB5B0003CA658 /* Utils */,
			);
			name = src;
			path = ../src;
			sourceTree = SOURCE_ROOT;
		};
		1F25A65C134CB5B0003CA658 /* Effects */ = {
			isa = PBXGroup;
			children = (
				1F25A65D134CB5B0003CA658 /* Effect.h */,
				1F25A65E134CB5B0003CA658 /* Mirror.cpp */,
				1F25A65F134CB5B0003CA658 /* Mirror.h */,
				1F25A660134CB5B0003CA658 /* Threshold.cpp */,
				1F25A661134CB5B0003CA658 /* Threshold.h */,
			);
			name = Effects;
			path = ../src/Effects;
			sourceTree = SOURCE_ROOT;
		};
		1F25A662134CB5B0003CA658 /* Images */ = {
			isa = PBXGroup;
			children = (
				1F25A663134CB5B0003CA658 /* Image.cpp */,
				1F25A664134CB5B0003CA658 /* Image.h */,
			);
			name = Images;
			path = ../src/Images;
			sourceTree = SOURCE_ROOT;
		};
		1F25A665134CB5B0003CA658 /* Tools */ = {
			isa = PBXGroup;
			children = (
				1F7F60FD134D0515009DB73F /* TrainingImage.cpp */,
				1F7F60FE134D0515009DB73F /* TrainingImage.h */,
				1F7F60F9134D050C009DB73F /* TrainingSet.cpp */,
				1F7F60FA134D050C009DB73F /* TrainingSet.h */,
				1F7F6103134D0530009DB73F /* FlowFinder.cpp */,
				1F7F6104134D0530009DB73F /* FlowFinder.h */,
			);
			name = Tools;
			path = ../src/Tools;
			sourceTree = SOURCE_ROOT;
		};
		1F25A6E0134CB5B0003CA658 /* Utils */ = {
			isa = PBXGroup;
			children = (
				1F25A6E1134CB5B0003CA658 /* Compress */,
				1F25A7EC134CB5B0003CA658 /* JSONElement */,
				1F25A806134CB5B0003CA658 /* utils.cpp */,
				1F25A807134CB5B0003CA658 /* utils.h */,
			);
			name = Utils;
			path = ../src/Utils;
			sourceTree = SOURCE_ROOT;
		};
		1F25A6E1134CB5B0003CA658 /* Compress */ = {
			isa = PBXGroup;
			children = (
				1F25AA3C134CDC62003CA658 /* Compress.cpp */,
				1F25AA3D134CDC62003CA658 /* Compress.h */,
			);
			name = Compress;
			path = ../src/Utils/Compress;
			sourceTree = SOURCE_ROOT;
		};
		1F25A7EC134CB5B0003CA658 /* JSONElement */ = {
			isa = PBXGroup;
			children = (
				1F25A7ED134CB5B0003CA658 /* jsoncpp */,
				1F25A804134CB5B0003CA658 /* JSONElement.cpp */,
				1F25A805134CB5B0003CA658 /* JSONElement.h */,
			);
			name = JSONElement;
			path = ../src/Utils/JSONElement;
			sourceTree = SOURCE_ROOT;
		};
		1F25A7ED134CB5B0003CA658 /* jsoncpp */ = {
			isa = PBXGroup;
			children = (
				1F25A7EE134CB5B0003CA658 /* include */,
				1F25A7F8134CB5B0003CA658 /* LICENSE */,
				1F25A7F9134CB5B0003CA658 /* src */,
				1F25A803134CB5B0003CA658 /* version */,
			);
			name = jsoncpp;
			path = ../src/Utils/JSONElement/jsoncpp;
			sourceTree = SOURCE_ROOT;
		};
		1F25A7EE134CB5B0003CA658 /* include */ = {
			isa = PBXGroup;
			children = (
				1F25A7EF134CB5B0003CA658 /* json */,
			);
			name = include;
			path = ../src/Utils/JSONElement/jsoncpp/include;
			sourceTree = SOURCE_ROOT;
		};
		1F25A7EF134CB5B0003CA658 /* json */ = {
			isa = PBXGroup;
			children = (
				1F25A7F0134CB5B0003CA658 /* autolink.h */,
				1F25A7F1134CB5B0003CA658 /* config.h */,
				1F25A7F2134CB5B0003CA658 /* features.h */,
				1F25A7F3134CB5B0003CA658 /* forwards.h */,
				1F25A7F4134CB5B0003CA658 /* json.h */,
				1F25A7F5134CB5B0003CA658 /* reader.h */,
				1F25A7F6134CB5B0003CA658 /* value.h */,
				1F25A7F7134CB5B0003CA658 /* writer.h */,
			);
			name = json;
			path = ../src/Utils/JSONElement/jsoncpp/include/json;
			sourceTree = SOURCE_ROOT;
		};
		1F25A7F9134CB5B0003CA658 /* src */ = {
			isa = PBXGroup;
			children = (
				1F25A7FA134CB5B0003CA658 /* lib_json */,
			);
			name = src;
			path = ../src/Utils/JSONElement/jsoncpp/src;
			sourceTree = SOURCE_ROOT;
		};
		1F25A7FA134CB5B0003CA658 /* lib_json */ = {
			isa = PBXGroup;
			children = (
				1F25A7FB134CB5B0003CA658 /* json_batchallocator.h */,
				1F25A7FC134CB5B0003CA658 /* json_internalarray.inl */,
				1F25A7FD134CB5B0003CA658 /* json_internalmap.inl */,
				1F25A7FE134CB5B0003CA658 /* json_reader.cpp */,
				1F25A7FF134CB5B0003CA658 /* json_value.cpp */,
				1F25A800134CB5B0003CA658 /* json_valueiterator.inl */,
				1F25A801134CB5B0003CA658 /* json_writer.cpp */,
				1F25A802134CB5B0003CA658 /* sconscript */,
			);
			name = lib_json;
			path = ../src/Utils/JSONElement/jsoncpp/src/lib_json;
			sourceTree = SOURCE_ROOT;
		};
		1F6F1392132052EB00457F54 /* libs */ = {
			isa = PBXGroup;
			children = (
				1F7F610D134D0690009DB73F /* libboost_filesystem.dylib */,
				1F7F6113134D06AC009DB73F /* libboost_system.dylib */,
				1F6F13C5132055D500457F54 /* libopencv_calib3d.dylib */,
				1F6F13C6132055D500457F54 /* libopencv_contrib.dylib */,
				1F6F13C7132055D500457F54 /* libopencv_core.dylib */,
				1F6F13C8132055D500457F54 /* libopencv_features2d.dylib */,
				1F6F13CB132055D500457F54 /* libopencv_highgui.dylib */,
				1F6F13CC132055D500457F54 /* libopencv_imgproc.dylib */,
				1F6F13CF132055D500457F54 /* libopencv_objdetect.dylib */,
				1F6F13D0132055D500457F54 /* libopencv_video.dylib */,
			);
			name = libs;
			sourceTree = "<group>";
		};
		1FE660C31343BA5200896670 /* src */ = {
			isa = PBXGroup;
			children = (
				1FE661001343BA6F00896670 /* main.cpp */,
				1FE661011343BA6F00896670 /* unlogo.cpp */,
				1FE661021343BA6F00896670 /* unlogo.h */,
			);
			name = src;
			sourceTree = "<group>";
		};
/* End PBXGroup section */

/* Begin PBXHeadersBuildPhase section */
		D2AAC0600554660B00DB518D /* Headers */ = {
			isa = PBXHeadersBuildPhase;
			buildActionMask = 2147483647;
			files = (
				1FE661051343BA6F00896670 /* unlogo.h in Headers */,
				1F25A808134CB5B0003CA658 /* Effect.h in Headers */,
				1F25A80A134CB5B0003CA658 /* Mirror.h in Headers */,
				1F25A80C134CB5B0003CA658 /* Threshold.h in Headers */,
				1F25A80E134CB5B0003CA658 /* Image.h in Headers */,
				1F25A8DD134CB5B0003CA658 /* autolink.h in Headers */,
				1F25A8DE134CB5B0003CA658 /* config.h in Headers */,
				1F25A8DF134CB5B0003CA658 /* features.h in Headers */,
				1F25A8E0134CB5B0003CA658 /* forwards.h in Headers */,
				1F25A8E1134CB5B0003CA658 /* json.h in Headers */,
				1F25A8E2134CB5B0003CA658 /* reader.h in Headers */,
				1F25A8E3134CB5B0003CA658 /* value.h in Headers */,
				1F25A8E4134CB5B0003CA658 /* writer.h in Headers */,
				1F25A8E5134CB5B0003CA658 /* json_batchallocator.h in Headers */,
				1F25A8EA134CB5B0003CA658 /* JSONElement.h in Headers */,
				1F25A8EC134CB5B0003CA658 /* utils.h in Headers */,
				1F25AA3F134CDC62003CA658 /* Compress.h in Headers */,
				1F7F60FC134D050C009DB73F /* TrainingSet.h in Headers */,
				1F7F6100134D0515009DB73F /* TrainingImage.h in Headers */,
				1F7F6106134D0530009DB73F /* FlowFinder.h in Headers */,
			);
			runOnlyForDeploymentPostprocessing = 0;
		};
/* End PBXHeadersBuildPhase section */

/* Begin PBXNativeTarget section */
		D2AAC0620554660B00DB518D /* unlogo */ = {
			isa = PBXNativeTarget;
			buildConfigurationList = 1DEB914A08733D8E0010E9CD /* Build configuration list for PBXNativeTarget "unlogo" */;
			buildPhases = (
				D2AAC0600554660B00DB518D /* Headers */,
				D2AAC0610554660B00DB518D /* Sources */,
				D289988505E68E00004EDB86 /* Frameworks */,
			);
			buildRules = (
			);
			dependencies = (
			);
			name = unlogo;
			productName = unlogo;
			productReference = D2AAC0630554660B00DB518D /* unlogo.dylib */;
			productType = "com.apple.product-type.library.dynamic";
		};
/* End PBXNativeTarget section */

/* Begin PBXProject section */
		08FB7793FE84155DC02AAC07 /* Project object */ = {
			isa = PBXProject;
			buildConfigurationList = 1DEB914E08733D8E0010E9CD /* Build configuration list for PBXProject "unlogo" */;
			compatibilityVersion = "Xcode 3.1";
			developmentRegion = English;
			hasScannedForEncodings = 1;
			knownRegions = (
				English,
				Japanese,
				French,
				German,
			);
			mainGroup = 08FB7794FE84155DC02AAC07 /* unlogo */;
			projectDirPath = "";
			projectRoot = "";
			targets = (
				D2AAC0620554660B00DB518D /* unlogo */,
			);
		};
/* End PBXProject section */

/* Begin PBXSourcesBuildPhase section */
		D2AAC0610554660B00DB518D /* Sources */ = {
			isa = PBXSourcesBuildPhase;
			buildActionMask = 2147483647;
			files = (
				1FE661031343BA6F00896670 /* main.cpp in Sources */,
				1FE661041343BA6F00896670 /* unlogo.cpp in Sources */,
				1F25A809134CB5B0003CA658 /* Mirror.cpp in Sources */,
				1F25A80B134CB5B0003CA658 /* Threshold.cpp in Sources */,
				1F25A80D134CB5B0003CA658 /* Image.cpp in Sources */,
				1F25A8E6134CB5B0003CA658 /* json_reader.cpp in Sources */,
				1F25A8E7134CB5B0003CA658 /* json_value.cpp in Sources */,
				1F25A8E8134CB5B0003CA658 /* json_writer.cpp in Sources */,
				1F25A8E9134CB5B0003CA658 /* JSONElement.cpp in Sources */,
				1F25A8EB134CB5B0003CA658 /* utils.cpp in Sources */,
				1F25AA3E134CDC62003CA658 /* Compress.cpp in Sources */,
				1F7F60FB134D050C009DB73F /* TrainingSet.cpp in Sources */,
				1F7F60FF134D0515009DB73F /* TrainingImage.cpp in Sources */,
				1F7F6105134D0530009DB73F /* FlowFinder.cpp in Sources */,
			);
			runOnlyForDeploymentPostprocessing = 0;
		};
/* End PBXSourcesBuildPhase section */

/* Begin XCBuildConfiguration section */
		1DEB914B08733D8E0010E9CD /* Debug */ = {
			isa = XCBuildConfiguration;
			buildSettings = {
				ALWAYS_SEARCH_USER_PATHS = NO;
				COPY_PHASE_STRIP = NO;
				EXECUTABLE_PREFIX = "";
				GCC_DYNAMIC_NO_PIC = NO;
				GCC_ENABLE_FIX_AND_CONTINUE = YES;
				GCC_MODEL_TUNING = G5;
				GCC_OPTIMIZATION_LEVEL = 0;
				HEADER_SEARCH_PATHS = (
					/usr/local/include,
					"\"$(SRCROOT)/../src/Utils/JSONElement/jsoncpp/include\"",
				);
				INSTALL_PATH = /usr/local/lib;
				PRODUCT_NAME = "$(TARGET_NAME)";
			};
			name = Debug;
		};
		1DEB914C08733D8E0010E9CD /* Release */ = {
			isa = XCBuildConfiguration;
			buildSettings = {
				ALWAYS_SEARCH_USER_PATHS = NO;
				DEBUG_INFORMATION_FORMAT = "dwarf-with-dsym";
				EXECUTABLE_PREFIX = "";
				GCC_MODEL_TUNING = G5;
				HEADER_SEARCH_PATHS = (
					/usr/local/include,
					"\"$(SRCROOT)/../src/Utils/JSONElement/jsoncpp/include\"",
				);
				INSTALL_PATH = /usr/local/lib;
				PRODUCT_NAME = "$(TARGET_NAME)";
			};
			name = Release;
		};
		1DEB914F08733D8E0010E9CD /* Debug */ = {
			isa = XCBuildConfiguration;
			buildSettings = {
				ARCHS = "$(ARCHS_STANDARD_32_64_BIT)";
				GCC_C_LANGUAGE_STANDARD = gnu99;
				GCC_OPTIMIZATION_LEVEL = 0;
				GCC_WARN_ABOUT_RETURN_TYPE = YES;
				GCC_WARN_UNUSED_VARIABLE = YES;
				ONLY_ACTIVE_ARCH = YES;
				PREBINDING = NO;
				SDKROOT = macosx10.6;
			};
			name = Debug;
		};
		1DEB915008733D8E0010E9CD /* Release */ = {
			isa = XCBuildConfiguration;
			buildSettings = {
				ARCHS = "$(ARCHS_STANDARD_32_64_BIT)";
				GCC_C_LANGUAGE_STANDARD = gnu99;
				GCC_WARN_ABOUT_RETURN_TYPE = YES;
				GCC_WARN_UNUSED_VARIABLE = YES;
				PREBINDING = NO;
				SDKROOT = macosx10.6;
			};
			name = Release;
		};
/* End XCBuildConfiguration section */

/* Begin XCConfigurationList section */
		1DEB914A08733D8E0010E9CD /* Build configuration list for PBXNativeTarget "unlogo" */ = {
			isa = XCConfigurationList;
			buildConfigurations = (
				1DEB914B08733D8E0010E9CD /* Debug */,
				1DEB914C08733D8E0010E9CD /* Release */,
			);
			defaultConfigurationIsVisible = 0;
			defaultConfigurationName = Release;
		};
		1DEB914E08733D8E0010E9CD /* Build configuration list for PBXProject "unlogo" */ = {
			isa = XCConfigurationList;
			buildConfigurations = (
				1DEB914F08733D8E0010E9CD /* Debug */,
				1DEB915008733D8E0010E9CD /* Release */,
			);
			defaultConfigurationIsVisible = 0;
			defaultConfigurationName = Release;
		};
/* End XCConfigurationList section */
	};
	rootObject = 08FB7793FE84155DC02AAC07 /* Project object */;
}
