// !$*UTF8*$!
{
	archiveVersion = 1;
	classes = {
	};
	objectVersion = 45;
	objects = {

/* Begin PBXBuildFile section */
		1F2E1A931221A0E100B7FED1 /* main.cpp in Sources */ = {isa = PBXBuildFile; fileRef = 1F2E1A8B1221A0E100B7FED1 /* main.cpp */; };
		1F2E1A951221A0E100B7FED1 /* Image.cpp in Sources */ = {isa = PBXBuildFile; fileRef = 1F2E1A8E1221A0E100B7FED1 /* Image.cpp */; };
		1F2E1A961221A0E100B7FED1 /* ulUtils.cpp in Sources */ = {isa = PBXBuildFile; fileRef = 1F2E1A901221A0E100B7FED1 /* ulUtils.cpp */; };
		1F2E1A9C1221B96300B7FED1 /* MatchSet.cpp in Sources */ = {isa = PBXBuildFile; fileRef = 1F2E1A9B1221B96300B7FED1 /* MatchSet.cpp */; };
		1F2E1AAB1221BAD300B7FED1 /* Matcher.cpp in Sources */ = {isa = PBXBuildFile; fileRef = 1F2E1AAA1221BAD300B7FED1 /* Matcher.cpp */; };
		1F2E1B041221C33F00B7FED1 /* MatchTracker.cpp in Sources */ = {isa = PBXBuildFile; fileRef = 1F2E1B031221C33F00B7FED1 /* MatchTracker.cpp */; };
		1FE9B21D12235CEE00155BCD /* unlogo.cpp in Sources */ = {isa = PBXBuildFile; fileRef = 1FE9B21C12235CEE00155BCD /* unlogo.cpp */; };
		1FF04E6B121C8C210017E206 /* libopencv_calib3d.dylib in Frameworks */ = {isa = PBXBuildFile; fileRef = 1FF04E65121C8C210017E206 /* libopencv_calib3d.dylib */; };
		1FF04E6C121C8C210017E206 /* libopencv_core.dylib in Frameworks */ = {isa = PBXBuildFile; fileRef = 1FF04E66121C8C210017E206 /* libopencv_core.dylib */; };
		1FF04E6D121C8C210017E206 /* libopencv_features2d.dylib in Frameworks */ = {isa = PBXBuildFile; fileRef = 1FF04E67121C8C210017E206 /* libopencv_features2d.dylib */; };
		1FF04E6E121C8C210017E206 /* libopencv_highgui.dylib in Frameworks */ = {isa = PBXBuildFile; fileRef = 1FF04E68121C8C210017E206 /* libopencv_highgui.dylib */; };
		1FF04E6F121C8C210017E206 /* libopencv_imgproc.dylib in Frameworks */ = {isa = PBXBuildFile; fileRef = 1FF04E69121C8C210017E206 /* libopencv_imgproc.dylib */; };
		1FF04E70121C8C210017E206 /* libopencv_video.2.1.dylib in Frameworks */ = {isa = PBXBuildFile; fileRef = 1FF04E6A121C8C210017E206 /* libopencv_video.2.1.dylib */; };
		8DD76F6A0486A84900D96B5E /* unlogo.1 in CopyFiles */ = {isa = PBXBuildFile; fileRef = C6859E8B029090EE04C91782 /* unlogo.1 */; };
/* End PBXBuildFile section */

/* Begin PBXCopyFilesBuildPhase section */
		8DD76F690486A84900D96B5E /* CopyFiles */ = {
			isa = PBXCopyFilesBuildPhase;
			buildActionMask = 8;
			dstPath = /usr/share/man/man1/;
			dstSubfolderSpec = 0;
			files = (
				8DD76F6A0486A84900D96B5E /* unlogo.1 in CopyFiles */,
			);
			runOnlyForDeploymentPostprocessing = 1;
		};
/* End PBXCopyFilesBuildPhase section */

/* Begin PBXFileReference section */
		1F2E1A8B1221A0E100B7FED1 /* main.cpp */ = {isa = PBXFileReference; fileEncoding = 4; lastKnownFileType = sourcecode.cpp.cpp; name = main.cpp; path = src/main.cpp; sourceTree = SOURCE_ROOT; };
		1F2E1A8E1221A0E100B7FED1 /* Image.cpp */ = {isa = PBXFileReference; fileEncoding = 4; lastKnownFileType = sourcecode.cpp.cpp; name = Image.cpp; path = src/Image.cpp; sourceTree = "<group>"; };
		1F2E1A8F1221A0E100B7FED1 /* Image.h */ = {isa = PBXFileReference; fileEncoding = 4; lastKnownFileType = sourcecode.c.h; name = Image.h; path = src/Image.h; sourceTree = "<group>"; };
		1F2E1A901221A0E100B7FED1 /* ulUtils.cpp */ = {isa = PBXFileReference; fileEncoding = 4; lastKnownFileType = sourcecode.cpp.cpp; name = ulUtils.cpp; path = src/ulUtils.cpp; sourceTree = SOURCE_ROOT; };
		1F2E1A911221A0E100B7FED1 /* ulUtils.h */ = {isa = PBXFileReference; fileEncoding = 4; lastKnownFileType = sourcecode.c.h; name = ulUtils.h; path = src/ulUtils.h; sourceTree = SOURCE_ROOT; };
		1F2E1A9A1221B96300B7FED1 /* MatchSet.h */ = {isa = PBXFileReference; fileEncoding = 4; lastKnownFileType = sourcecode.c.h; name = MatchSet.h; path = src/MatchSet.h; sourceTree = "<group>"; };
		1F2E1A9B1221B96300B7FED1 /* MatchSet.cpp */ = {isa = PBXFileReference; fileEncoding = 4; lastKnownFileType = sourcecode.cpp.cpp; name = MatchSet.cpp; path = src/MatchSet.cpp; sourceTree = "<group>"; };
		1F2E1AA91221BAD300B7FED1 /* Matcher.h */ = {isa = PBXFileReference; fileEncoding = 4; lastKnownFileType = sourcecode.c.h; name = Matcher.h; path = src/Matcher.h; sourceTree = "<group>"; };
		1F2E1AAA1221BAD300B7FED1 /* Matcher.cpp */ = {isa = PBXFileReference; fileEncoding = 4; lastKnownFileType = sourcecode.cpp.cpp; name = Matcher.cpp; path = src/Matcher.cpp; sourceTree = "<group>"; };
		1F2E1B021221C33F00B7FED1 /* MatchTracker.h */ = {isa = PBXFileReference; fileEncoding = 4; lastKnownFileType = sourcecode.c.h; name = MatchTracker.h; path = src/MatchTracker.h; sourceTree = "<group>"; };
		1F2E1B031221C33F00B7FED1 /* MatchTracker.cpp */ = {isa = PBXFileReference; fileEncoding = 4; lastKnownFileType = sourcecode.cpp.cpp; name = MatchTracker.cpp; path = src/MatchTracker.cpp; sourceTree = "<group>"; };
		1FE9B1C712233CF800155BCD /* Logo.h */ = {isa = PBXFileReference; fileEncoding = 4; lastKnownFileType = sourcecode.c.h; name = Logo.h; path = src/Logo.h; sourceTree = "<group>"; };
		1FE9B21C12235CEE00155BCD /* unlogo.cpp */ = {isa = PBXFileReference; fileEncoding = 4; lastKnownFileType = sourcecode.cpp.cpp; name = unlogo.cpp; path = src/unlogo.cpp; sourceTree = SOURCE_ROOT; };
		1FF04E65121C8C210017E206 /* libopencv_calib3d.dylib */ = {isa = PBXFileReference; lastKnownFileType = "compiled.mach-o.dylib"; name = libopencv_calib3d.dylib; path = /usr/local/lib/libopencv_calib3d.dylib; sourceTree = "<absolute>"; };
		1FF04E66121C8C210017E206 /* libopencv_core.dylib */ = {isa = PBXFileReference; lastKnownFileType = "compiled.mach-o.dylib"; name = libopencv_core.dylib; path = /usr/local/lib/libopencv_core.dylib; sourceTree = "<absolute>"; };
		1FF04E67121C8C210017E206 /* libopencv_features2d.dylib */ = {isa = PBXFileReference; lastKnownFileType = "compiled.mach-o.dylib"; name = libopencv_features2d.dylib; path = /usr/local/lib/libopencv_features2d.dylib; sourceTree = "<absolute>"; };
		1FF04E68121C8C210017E206 /* libopencv_highgui.dylib */ = {isa = PBXFileReference; lastKnownFileType = "compiled.mach-o.dylib"; name = libopencv_highgui.dylib; path = /usr/local/lib/libopencv_highgui.dylib; sourceTree = "<absolute>"; };
		1FF04E69121C8C210017E206 /* libopencv_imgproc.dylib */ = {isa = PBXFileReference; lastKnownFileType = "compiled.mach-o.dylib"; name = libopencv_imgproc.dylib; path = /usr/local/lib/libopencv_imgproc.dylib; sourceTree = "<absolute>"; };
		1FF04E6A121C8C210017E206 /* libopencv_video.2.1.dylib */ = {isa = PBXFileReference; lastKnownFileType = "compiled.mach-o.dylib"; name = libopencv_video.2.1.dylib; path = /usr/local/lib/libopencv_video.2.1.dylib; sourceTree = "<absolute>"; };
		8DD76F6C0486A84900D96B5E /* unlogo */ = {isa = PBXFileReference; explicitFileType = "compiled.mach-o.executable"; includeInIndex = 0; path = unlogo; sourceTree = BUILT_PRODUCTS_DIR; };
		C6859E8B029090EE04C91782 /* unlogo.1 */ = {isa = PBXFileReference; lastKnownFileType = text.man; path = unlogo.1; sourceTree = "<group>"; };
/* End PBXFileReference section */

/* Begin PBXFrameworksBuildPhase section */
		8DD76F660486A84900D96B5E /* Frameworks */ = {
			isa = PBXFrameworksBuildPhase;
			buildActionMask = 2147483647;
			files = (
				1FF04E6B121C8C210017E206 /* libopencv_calib3d.dylib in Frameworks */,
				1FF04E6C121C8C210017E206 /* libopencv_core.dylib in Frameworks */,
				1FF04E6D121C8C210017E206 /* libopencv_features2d.dylib in Frameworks */,
				1FF04E6E121C8C210017E206 /* libopencv_highgui.dylib in Frameworks */,
				1FF04E6F121C8C210017E206 /* libopencv_imgproc.dylib in Frameworks */,
				1FF04E70121C8C210017E206 /* libopencv_video.2.1.dylib in Frameworks */,
			);
			runOnlyForDeploymentPostprocessing = 0;
		};
/* End PBXFrameworksBuildPhase section */

/* Begin PBXGroup section */
		08FB7794FE84155DC02AAC07 /* unlogo */ = {
			isa = PBXGroup;
			children = (
				08FB7795FE84155DC02AAC07 /* Source */,
				1FF04E5C121C8BEF0017E206 /* Libraries */,
				C6859E8C029090F304C91782 /* Documentation */,
				1AB674ADFE9D54B511CA2CBB /* Products */,
			);
			name = unlogo;
			sourceTree = "<group>";
		};
		08FB7795FE84155DC02AAC07 /* Source */ = {
			isa = PBXGroup;
			children = (
				1F2E1A8B1221A0E100B7FED1 /* main.cpp */,
				1FE9B21C12235CEE00155BCD /* unlogo.cpp */,
				1F2E1A8F1221A0E100B7FED1 /* Image.h */,
				1F2E1A8E1221A0E100B7FED1 /* Image.cpp */,
				1F2E1AA91221BAD300B7FED1 /* Matcher.h */,
				1F2E1AAA1221BAD300B7FED1 /* Matcher.cpp */,
				1F2E1A9A1221B96300B7FED1 /* MatchSet.h */,
				1F2E1A9B1221B96300B7FED1 /* MatchSet.cpp */,
				1F2E1B021221C33F00B7FED1 /* MatchTracker.h */,
				1F2E1B031221C33F00B7FED1 /* MatchTracker.cpp */,
				1F2E1A901221A0E100B7FED1 /* ulUtils.cpp */,
				1F2E1A911221A0E100B7FED1 /* ulUtils.h */,
				1FE9B1C712233CF800155BCD /* Logo.h */,
			);
			name = Source;
			sourceTree = "<group>";
		};
		1AB674ADFE9D54B511CA2CBB /* Products */ = {
			isa = PBXGroup;
			children = (
				8DD76F6C0486A84900D96B5E /* unlogo */,
			);
			name = Products;
			sourceTree = "<group>";
		};
		1FF04E5C121C8BEF0017E206 /* Libraries */ = {
			isa = PBXGroup;
			children = (
				1FF04E65121C8C210017E206 /* libopencv_calib3d.dylib */,
				1FF04E66121C8C210017E206 /* libopencv_core.dylib */,
				1FF04E67121C8C210017E206 /* libopencv_features2d.dylib */,
				1FF04E68121C8C210017E206 /* libopencv_highgui.dylib */,
				1FF04E69121C8C210017E206 /* libopencv_imgproc.dylib */,
				1FF04E6A121C8C210017E206 /* libopencv_video.2.1.dylib */,
			);
			name = Libraries;
			sourceTree = "<group>";
		};
		C6859E8C029090F304C91782 /* Documentation */ = {
			isa = PBXGroup;
			children = (
				C6859E8B029090EE04C91782 /* unlogo.1 */,
			);
			name = Documentation;
			sourceTree = "<group>";
		};
/* End PBXGroup section */

/* Begin PBXNativeTarget section */
		8DD76F620486A84900D96B5E /* unlogo */ = {
			isa = PBXNativeTarget;
			buildConfigurationList = 1DEB923108733DC60010E9CD /* Build configuration list for PBXNativeTarget "unlogo" */;
			buildPhases = (
				8DD76F640486A84900D96B5E /* Sources */,
				8DD76F660486A84900D96B5E /* Frameworks */,
				8DD76F690486A84900D96B5E /* CopyFiles */,
			);
			buildRules = (
			);
			dependencies = (
			);
			name = unlogo;
			productInstallPath = "$(HOME)/bin";
			productName = unlogo;
			productReference = 8DD76F6C0486A84900D96B5E /* unlogo */;
			productType = "com.apple.product-type.tool";
		};
/* End PBXNativeTarget section */

/* Begin PBXProject section */
		08FB7793FE84155DC02AAC07 /* Project object */ = {
			isa = PBXProject;
			buildConfigurationList = 1DEB923508733DC60010E9CD /* Build configuration list for PBXProject "unlogo" */;
			compatibilityVersion = "Xcode 3.1";
			hasScannedForEncodings = 1;
			mainGroup = 08FB7794FE84155DC02AAC07 /* unlogo */;
			projectDirPath = "";
			projectRoot = "";
			targets = (
				8DD76F620486A84900D96B5E /* unlogo */,
			);
		};
/* End PBXProject section */

/* Begin PBXSourcesBuildPhase section */
		8DD76F640486A84900D96B5E /* Sources */ = {
			isa = PBXSourcesBuildPhase;
			buildActionMask = 2147483647;
			files = (
				1F2E1A931221A0E100B7FED1 /* main.cpp in Sources */,
				1F2E1A951221A0E100B7FED1 /* Image.cpp in Sources */,
				1F2E1A961221A0E100B7FED1 /* ulUtils.cpp in Sources */,
				1F2E1A9C1221B96300B7FED1 /* MatchSet.cpp in Sources */,
				1F2E1AAB1221BAD300B7FED1 /* Matcher.cpp in Sources */,
				1F2E1B041221C33F00B7FED1 /* MatchTracker.cpp in Sources */,
				1FE9B21D12235CEE00155BCD /* unlogo.cpp in Sources */,
			);
			runOnlyForDeploymentPostprocessing = 0;
		};
/* End PBXSourcesBuildPhase section */

/* Begin XCBuildConfiguration section */
		1DEB923208733DC60010E9CD /* Debug */ = {
			isa = XCBuildConfiguration;
			buildSettings = {
				ALWAYS_SEARCH_USER_PATHS = NO;
				COPY_PHASE_STRIP = NO;
				GCC_DYNAMIC_NO_PIC = NO;
				GCC_ENABLE_FIX_AND_CONTINUE = YES;
				GCC_MODEL_TUNING = G5;
				GCC_OPTIMIZATION_LEVEL = 0;
				HEADER_SEARCH_PATHS = (
					/usr/local/include/opencv,
					/usr/local/include,
				);
				INSTALL_PATH = /usr/local/bin;
				LIBRARY_SEARCH_PATHS = (
					"$(inherited)",
					/opt/local/lib,
				);
				PRODUCT_NAME = unlogo;
			};
			name = Debug;
		};
		1DEB923308733DC60010E9CD /* Release */ = {
			isa = XCBuildConfiguration;
			buildSettings = {
				ALWAYS_SEARCH_USER_PATHS = NO;
				DEBUG_INFORMATION_FORMAT = "dwarf-with-dsym";
				GCC_MODEL_TUNING = G5;
				HEADER_SEARCH_PATHS = (
					/usr/local/include/opencv,
					/usr/local/include,
				);
				INSTALL_PATH = /usr/local/bin;
				LIBRARY_SEARCH_PATHS = (
					"$(inherited)",
					/opt/local/lib,
				);
				PRODUCT_NAME = unlogo;
			};
			name = Release;
		};
		1DEB923608733DC60010E9CD /* Debug */ = {
			isa = XCBuildConfiguration;
			buildSettings = {
				ARCHS = "$(ARCHS_STANDARD_32_64_BIT)";
				GCC_C_LANGUAGE_STANDARD = gnu99;
				GCC_OPTIMIZATION_LEVEL = 0;
				GCC_WARN_ABOUT_RETURN_TYPE = YES;
				GCC_WARN_UNUSED_VARIABLE = YES;
				ONLY_ACTIVE_ARCH = YES;
				PREBINDING = NO;
				SDKROOT = macosx10.6;
			};
			name = Debug;
		};
		1DEB923708733DC60010E9CD /* Release */ = {
			isa = XCBuildConfiguration;
			buildSettings = {
				ARCHS = "$(ARCHS_STANDARD_32_64_BIT)";
				GCC_C_LANGUAGE_STANDARD = gnu99;
				GCC_WARN_ABOUT_RETURN_TYPE = YES;
				GCC_WARN_UNUSED_VARIABLE = YES;
				PREBINDING = NO;
				SDKROOT = macosx10.6;
			};
			name = Release;
		};
/* End XCBuildConfiguration section */

/* Begin XCConfigurationList section */
		1DEB923108733DC60010E9CD /* Build configuration list for PBXNativeTarget "unlogo" */ = {
			isa = XCConfigurationList;
			buildConfigurations = (
				1DEB923208733DC60010E9CD /* Debug */,
				1DEB923308733DC60010E9CD /* Release */,
			);
			defaultConfigurationIsVisible = 0;
			defaultConfigurationName = Release;
		};
		1DEB923508733DC60010E9CD /* Build configuration list for PBXProject "unlogo" */ = {
			isa = XCConfigurationList;
			buildConfigurations = (
				1DEB923608733DC60010E9CD /* Debug */,
				1DEB923708733DC60010E9CD /* Release */,
			);
			defaultConfigurationIsVisible = 0;
			defaultConfigurationName = Release;
		};
/* End XCConfigurationList section */
	};
	rootObject = 08FB7793FE84155DC02AAC07 /* Project object */;
}
