// !$*UTF8*$!
{
	archiveVersion = 1;
	classes = {
	};
	objectVersion = 45;
	objects = {

/* Begin PBXBuildFile section */
		1F18109D1285EE3D00EEDEFB /* libopencv_calib3d.a in Frameworks */ = {isa = PBXBuildFile; fileRef = 1F1810921285EE3D00EEDEFB /* libopencv_calib3d.a */; };
		1F18109E1285EE3D00EEDEFB /* libopencv_contrib.a in Frameworks */ = {isa = PBXBuildFile; fileRef = 1F1810931285EE3D00EEDEFB /* libopencv_contrib.a */; };
		1F18109F1285EE3D00EEDEFB /* libopencv_core.a in Frameworks */ = {isa = PBXBuildFile; fileRef = 1F1810941285EE3D00EEDEFB /* libopencv_core.a */; };
		1F1810A01285EE3D00EEDEFB /* libopencv_features2d.a in Frameworks */ = {isa = PBXBuildFile; fileRef = 1F1810951285EE3D00EEDEFB /* libopencv_features2d.a */; };
		1F1810A11285EE3D00EEDEFB /* libopencv_gpu.a in Frameworks */ = {isa = PBXBuildFile; fileRef = 1F1810961285EE3D00EEDEFB /* libopencv_gpu.a */; };
		1F1810A21285EE3D00EEDEFB /* libopencv_highgui.a in Frameworks */ = {isa = PBXBuildFile; fileRef = 1F1810971285EE3D00EEDEFB /* libopencv_highgui.a */; };
		1F1810A31285EE3D00EEDEFB /* libopencv_imgproc.a in Frameworks */ = {isa = PBXBuildFile; fileRef = 1F1810981285EE3D00EEDEFB /* libopencv_imgproc.a */; };
		1F1810A41285EE3D00EEDEFB /* libopencv_legacy.a in Frameworks */ = {isa = PBXBuildFile; fileRef = 1F1810991285EE3D00EEDEFB /* libopencv_legacy.a */; };
		1F1810A51285EE3D00EEDEFB /* libopencv_ml.a in Frameworks */ = {isa = PBXBuildFile; fileRef = 1F18109A1285EE3D00EEDEFB /* libopencv_ml.a */; };
		1F1810A61285EE3D00EEDEFB /* libopencv_objdetect.a in Frameworks */ = {isa = PBXBuildFile; fileRef = 1F18109B1285EE3D00EEDEFB /* libopencv_objdetect.a */; };
		1F1810A71285EE3D00EEDEFB /* libopencv_video.a in Frameworks */ = {isa = PBXBuildFile; fileRef = 1F18109C1285EE3D00EEDEFB /* libopencv_video.a */; };
		1F1810B21285EEB100EEDEFB /* liblibjasper.a in Frameworks */ = {isa = PBXBuildFile; fileRef = 1F1810AE1285EEB100EEDEFB /* liblibjasper.a */; };
		1F1810B31285EEB100EEDEFB /* liblibjpeg.a in Frameworks */ = {isa = PBXBuildFile; fileRef = 1F1810AF1285EEB100EEDEFB /* liblibjpeg.a */; };
		1F1810B41285EEB100EEDEFB /* liblibpng.a in Frameworks */ = {isa = PBXBuildFile; fileRef = 1F1810B01285EEB100EEDEFB /* liblibpng.a */; };
		1F1810B51285EEB100EEDEFB /* liblibtiff.a in Frameworks */ = {isa = PBXBuildFile; fileRef = 1F1810B11285EEB100EEDEFB /* liblibtiff.a */; };
		1FA77C3D126A0D72001517EA /* moustachizer.cpp in Sources */ = {isa = PBXBuildFile; fileRef = 1FA77C3C126A0D72001517EA /* moustachizer.cpp */; };
		1FA77D39126A0E3E001517EA /* Cocoa.framework in Frameworks */ = {isa = PBXBuildFile; fileRef = 1FA77D33126A0E3E001517EA /* Cocoa.framework */; };
		1FA77D3A126A0E3E001517EA /* CoreVideo.framework in Frameworks */ = {isa = PBXBuildFile; fileRef = 1FA77D34126A0E3E001517EA /* CoreVideo.framework */; };
		1FA77D3B126A0E3E001517EA /* Foundation.framework in Frameworks */ = {isa = PBXBuildFile; fileRef = 1FA77D35126A0E3E001517EA /* Foundation.framework */; };
		1FA77D3C126A0E3E001517EA /* QTKit.framework in Frameworks */ = {isa = PBXBuildFile; fileRef = 1FA77D36126A0E3E001517EA /* QTKit.framework */; };
		1FA77D3D126A0E3E001517EA /* vecLib.framework in Frameworks */ = {isa = PBXBuildFile; fileRef = 1FA77D37126A0E3E001517EA /* vecLib.framework */; };
		1FA77D3E126A0E3E001517EA /* libz.dylib in Frameworks */ = {isa = PBXBuildFile; fileRef = 1FA77D38126A0E3E001517EA /* libz.dylib */; };
		1FA77D70126A11A5001517EA /* fhUtils.cpp in Sources */ = {isa = PBXBuildFile; fileRef = 1FA77D6C126A11A5001517EA /* fhUtils.cpp */; };
		1FA77D71126A11A5001517EA /* fhUtils.h in Headers */ = {isa = PBXBuildFile; fileRef = 1FA77D6D126A11A5001517EA /* fhUtils.h */; };
		1FA77D72126A11A5001517EA /* Image.cpp in Sources */ = {isa = PBXBuildFile; fileRef = 1FA77D6E126A11A5001517EA /* Image.cpp */; };
		1FA77D73126A11A5001517EA /* Image.h in Headers */ = {isa = PBXBuildFile; fileRef = 1FA77D6F126A11A5001517EA /* Image.h */; };
/* End PBXBuildFile section */

/* Begin PBXFileReference section */
		1F1810921285EE3D00EEDEFB /* libopencv_calib3d.a */ = {isa = PBXFileReference; lastKnownFileType = archive.ar; name = libopencv_calib3d.a; path = ../../lib/libopencv_calib3d.a; sourceTree = SOURCE_ROOT; };
		1F1810931285EE3D00EEDEFB /* libopencv_contrib.a */ = {isa = PBXFileReference; lastKnownFileType = archive.ar; name = libopencv_contrib.a; path = ../../lib/libopencv_contrib.a; sourceTree = SOURCE_ROOT; };
		1F1810941285EE3D00EEDEFB /* libopencv_core.a */ = {isa = PBXFileReference; lastKnownFileType = archive.ar; name = libopencv_core.a; path = ../../lib/libopencv_core.a; sourceTree = SOURCE_ROOT; };
		1F1810951285EE3D00EEDEFB /* libopencv_features2d.a */ = {isa = PBXFileReference; lastKnownFileType = archive.ar; name = libopencv_features2d.a; path = ../../lib/libopencv_features2d.a; sourceTree = SOURCE_ROOT; };
		1F1810961285EE3D00EEDEFB /* libopencv_gpu.a */ = {isa = PBXFileReference; lastKnownFileType = archive.ar; name = libopencv_gpu.a; path = ../../lib/libopencv_gpu.a; sourceTree = SOURCE_ROOT; };
		1F1810971285EE3D00EEDEFB /* libopencv_highgui.a */ = {isa = PBXFileReference; lastKnownFileType = archive.ar; name = libopencv_highgui.a; path = ../../lib/libopencv_highgui.a; sourceTree = SOURCE_ROOT; };
		1F1810981285EE3D00EEDEFB /* libopencv_imgproc.a */ = {isa = PBXFileReference; lastKnownFileType = archive.ar; name = libopencv_imgproc.a; path = ../../lib/libopencv_imgproc.a; sourceTree = SOURCE_ROOT; };
		1F1810991285EE3D00EEDEFB /* libopencv_legacy.a */ = {isa = PBXFileReference; lastKnownFileType = archive.ar; name = libopencv_legacy.a; path = ../../lib/libopencv_legacy.a; sourceTree = SOURCE_ROOT; };
		1F18109A1285EE3D00EEDEFB /* libopencv_ml.a */ = {isa = PBXFileReference; lastKnownFileType = archive.ar; name = libopencv_ml.a; path = ../../lib/libopencv_ml.a; sourceTree = SOURCE_ROOT; };
		1F18109B1285EE3D00EEDEFB /* libopencv_objdetect.a */ = {isa = PBXFileReference; lastKnownFileType = archive.ar; name = libopencv_objdetect.a; path = ../../lib/libopencv_objdetect.a; sourceTree = SOURCE_ROOT; };
		1F18109C1285EE3D00EEDEFB /* libopencv_video.a */ = {isa = PBXFileReference; lastKnownFileType = archive.ar; name = libopencv_video.a; path = ../../lib/libopencv_video.a; sourceTree = SOURCE_ROOT; };
		1F1810AE1285EEB100EEDEFB /* liblibjasper.a */ = {isa = PBXFileReference; lastKnownFileType = archive.ar; name = liblibjasper.a; path = ../../dist/opencv2.1/3rdparty/lib/liblibjasper.a; sourceTree = SOURCE_ROOT; };
		1F1810AF1285EEB100EEDEFB /* liblibjpeg.a */ = {isa = PBXFileReference; lastKnownFileType = archive.ar; name = liblibjpeg.a; path = ../../dist/opencv2.1/3rdparty/lib/liblibjpeg.a; sourceTree = SOURCE_ROOT; };
		1F1810B01285EEB100EEDEFB /* liblibpng.a */ = {isa = PBXFileReference; lastKnownFileType = archive.ar; name = liblibpng.a; path = ../../dist/opencv2.1/3rdparty/lib/liblibpng.a; sourceTree = SOURCE_ROOT; };
		1F1810B11285EEB100EEDEFB /* liblibtiff.a */ = {isa = PBXFileReference; lastKnownFileType = archive.ar; name = liblibtiff.a; path = ../../dist/opencv2.1/3rdparty/lib/liblibtiff.a; sourceTree = SOURCE_ROOT; };
		1FA77C3C126A0D72001517EA /* moustachizer.cpp */ = {isa = PBXFileReference; fileEncoding = 4; lastKnownFileType = sourcecode.cpp.cpp; name = moustachizer.cpp; path = src/moustachizer.cpp; sourceTree = "<group>"; };
		1FA77D33126A0E3E001517EA /* Cocoa.framework */ = {isa = PBXFileReference; lastKnownFileType = wrapper.framework; name = Cocoa.framework; path = /Developer/SDKs/MacOSX10.6.sdk/System/Library/Frameworks/Cocoa.framework; sourceTree = "<absolute>"; };
		1FA77D34126A0E3E001517EA /* CoreVideo.framework */ = {isa = PBXFileReference; lastKnownFileType = wrapper.framework; name = CoreVideo.framework; path = /Developer/SDKs/MacOSX10.6.sdk/System/Library/Frameworks/CoreVideo.framework; sourceTree = "<absolute>"; };
		1FA77D35126A0E3E001517EA /* Foundation.framework */ = {isa = PBXFileReference; lastKnownFileType = wrapper.framework; name = Foundation.framework; path = /Developer/SDKs/MacOSX10.6.sdk/System/Library/Frameworks/Foundation.framework; sourceTree = "<absolute>"; };
		1FA77D36126A0E3E001517EA /* QTKit.framework */ = {isa = PBXFileReference; lastKnownFileType = wrapper.framework; name = QTKit.framework; path = /Developer/SDKs/MacOSX10.6.sdk/System/Library/Frameworks/QTKit.framework; sourceTree = "<absolute>"; };
		1FA77D37126A0E3E001517EA /* vecLib.framework */ = {isa = PBXFileReference; lastKnownFileType = wrapper.framework; name = vecLib.framework; path = /Developer/SDKs/MacOSX10.6.sdk/System/Library/Frameworks/vecLib.framework; sourceTree = "<absolute>"; };
		1FA77D38126A0E3E001517EA /* libz.dylib */ = {isa = PBXFileReference; lastKnownFileType = "compiled.mach-o.dylib"; name = libz.dylib; path = /Developer/SDKs/MacOSX10.6.sdk/usr/lib/libz.dylib; sourceTree = "<absolute>"; };
		1FA77D6C126A11A5001517EA /* fhUtils.cpp */ = {isa = PBXFileReference; fileEncoding = 4; lastKnownFileType = sourcecode.cpp.cpp; name = fhUtils.cpp; path = ../../src/fhUtils.cpp; sourceTree = SOURCE_ROOT; };
		1FA77D6D126A11A5001517EA /* fhUtils.h */ = {isa = PBXFileReference; fileEncoding = 4; lastKnownFileType = sourcecode.c.h; name = fhUtils.h; path = ../../src/fhUtils.h; sourceTree = SOURCE_ROOT; };
		1FA77D6E126A11A5001517EA /* Image.cpp */ = {isa = PBXFileReference; fileEncoding = 4; lastKnownFileType = sourcecode.cpp.cpp; name = Image.cpp; path = ../../src/Image.cpp; sourceTree = SOURCE_ROOT; };
		1FA77D6F126A11A5001517EA /* Image.h */ = {isa = PBXFileReference; fileEncoding = 4; lastKnownFileType = sourcecode.c.h; name = Image.h; path = ../../src/Image.h; sourceTree = SOURCE_ROOT; };
		D2AAC0630554660B00DB518D /* libmoustachizer.dylib */ = {isa = PBXFileReference; explicitFileType = "compiled.mach-o.dylib"; includeInIndex = 0; path = libmoustachizer.dylib; sourceTree = BUILT_PRODUCTS_DIR; };
/* End PBXFileReference section */

/* Begin PBXFrameworksBuildPhase section */
		D289988505E68E00004EDB86 /* Frameworks */ = {
			isa = PBXFrameworksBuildPhase;
			buildActionMask = 2147483647;
			files = (
				1FA77D39126A0E3E001517EA /* Cocoa.framework in Frameworks */,
				1FA77D3A126A0E3E001517EA /* CoreVideo.framework in Frameworks */,
				1FA77D3B126A0E3E001517EA /* Foundation.framework in Frameworks */,
				1FA77D3C126A0E3E001517EA /* QTKit.framework in Frameworks */,
				1FA77D3D126A0E3E001517EA /* vecLib.framework in Frameworks */,
				1FA77D3E126A0E3E001517EA /* libz.dylib in Frameworks */,
				1F18109D1285EE3D00EEDEFB /* libopencv_calib3d.a in Frameworks */,
				1F18109E1285EE3D00EEDEFB /* libopencv_contrib.a in Frameworks */,
				1F18109F1285EE3D00EEDEFB /* libopencv_core.a in Frameworks */,
				1F1810A01285EE3D00EEDEFB /* libopencv_features2d.a in Frameworks */,
				1F1810A11285EE3D00EEDEFB /* libopencv_gpu.a in Frameworks */,
				1F1810A21285EE3D00EEDEFB /* libopencv_highgui.a in Frameworks */,
				1F1810A31285EE3D00EEDEFB /* libopencv_imgproc.a in Frameworks */,
				1F1810A41285EE3D00EEDEFB /* libopencv_legacy.a in Frameworks */,
				1F1810A51285EE3D00EEDEFB /* libopencv_ml.a in Frameworks */,
				1F1810A61285EE3D00EEDEFB /* libopencv_objdetect.a in Frameworks */,
				1F1810A71285EE3D00EEDEFB /* libopencv_video.a in Frameworks */,
				1F1810B21285EEB100EEDEFB /* liblibjasper.a in Frameworks */,
				1F1810B31285EEB100EEDEFB /* liblibjpeg.a in Frameworks */,
				1F1810B41285EEB100EEDEFB /* liblibpng.a in Frameworks */,
				1F1810B51285EEB100EEDEFB /* liblibtiff.a in Frameworks */,
			);
			runOnlyForDeploymentPostprocessing = 0;
		};
/* End PBXFrameworksBuildPhase section */

/* Begin PBXGroup section */
		08FB7794FE84155DC02AAC07 /* moustachizer */ = {
			isa = PBXGroup;
			children = (
				08FB7795FE84155DC02AAC07 /* Source */,
				1FA77C63126A0E10001517EA /* Libraries */,
				1FA77C64126A0E27001517EA /* Frameworks */,
				1AB674ADFE9D54B511CA2CBB /* Products */,
			);
			name = moustachizer;
			sourceTree = "<group>";
		};
		08FB7795FE84155DC02AAC07 /* Source */ = {
			isa = PBXGroup;
			children = (
				1FA77C3C126A0D72001517EA /* moustachizer.cpp */,
				1FA77D6C126A11A5001517EA /* fhUtils.cpp */,
				1FA77D6D126A11A5001517EA /* fhUtils.h */,
				1FA77D6E126A11A5001517EA /* Image.cpp */,
				1FA77D6F126A11A5001517EA /* Image.h */,
			);
			name = Source;
			sourceTree = "<group>";
		};
		1AB674ADFE9D54B511CA2CBB /* Products */ = {
			isa = PBXGroup;
			children = (
				D2AAC0630554660B00DB518D /* libmoustachizer.dylib */,
			);
			name = Products;
			sourceTree = "<group>";
		};
		1FA77C63126A0E10001517EA /* Libraries */ = {
			isa = PBXGroup;
			children = (
				1F1810921285EE3D00EEDEFB /* libopencv_calib3d.a */,
				1F1810931285EE3D00EEDEFB /* libopencv_contrib.a */,
				1F1810941285EE3D00EEDEFB /* libopencv_core.a */,
				1F1810951285EE3D00EEDEFB /* libopencv_features2d.a */,
				1F1810961285EE3D00EEDEFB /* libopencv_gpu.a */,
				1F1810971285EE3D00EEDEFB /* libopencv_highgui.a */,
				1F1810981285EE3D00EEDEFB /* libopencv_imgproc.a */,
				1F1810991285EE3D00EEDEFB /* libopencv_legacy.a */,
				1F18109A1285EE3D00EEDEFB /* libopencv_ml.a */,
				1F18109B1285EE3D00EEDEFB /* libopencv_objdetect.a */,
				1F18109C1285EE3D00EEDEFB /* libopencv_video.a */,
				1F1810AE1285EEB100EEDEFB /* liblibjasper.a */,
				1F1810AF1285EEB100EEDEFB /* liblibjpeg.a */,
				1F1810B01285EEB100EEDEFB /* liblibpng.a */,
				1F1810B11285EEB100EEDEFB /* liblibtiff.a */,
			);
			name = Libraries;
			sourceTree = "<group>";
		};
		1FA77C64126A0E27001517EA /* Frameworks */ = {
			isa = PBXGroup;
			children = (
				1FA77D33126A0E3E001517EA /* Cocoa.framework */,
				1FA77D34126A0E3E001517EA /* CoreVideo.framework */,
				1FA77D35126A0E3E001517EA /* Foundation.framework */,
				1FA77D36126A0E3E001517EA /* QTKit.framework */,
				1FA77D37126A0E3E001517EA /* vecLib.framework */,
				1FA77D38126A0E3E001517EA /* libz.dylib */,
			);
			name = Frameworks;
			sourceTree = "<group>";
		};
/* End PBXGroup section */

/* Begin PBXHeadersBuildPhase section */
		D2AAC0600554660B00DB518D /* Headers */ = {
			isa = PBXHeadersBuildPhase;
			buildActionMask = 2147483647;
			files = (
				1FA77D71126A11A5001517EA /* fhUtils.h in Headers */,
				1FA77D73126A11A5001517EA /* Image.h in Headers */,
			);
			runOnlyForDeploymentPostprocessing = 0;
		};
/* End PBXHeadersBuildPhase section */

/* Begin PBXNativeTarget section */
		D2AAC0620554660B00DB518D /* moustachizer */ = {
			isa = PBXNativeTarget;
			buildConfigurationList = 1DEB914A08733D8E0010E9CD /* Build configuration list for PBXNativeTarget "moustachizer" */;
			buildPhases = (
				D2AAC0600554660B00DB518D /* Headers */,
				D2AAC0610554660B00DB518D /* Sources */,
				D289988505E68E00004EDB86 /* Frameworks */,
			);
			buildRules = (
			);
			dependencies = (
			);
			name = moustachizer;
			productName = moustachizer;
			productReference = D2AAC0630554660B00DB518D /* libmoustachizer.dylib */;
			productType = "com.apple.product-type.library.dynamic";
		};
/* End PBXNativeTarget section */

/* Begin PBXProject section */
		08FB7793FE84155DC02AAC07 /* Project object */ = {
			isa = PBXProject;
			buildConfigurationList = 1DEB914E08733D8E0010E9CD /* Build configuration list for PBXProject "moustachizer" */;
			compatibilityVersion = "Xcode 3.1";
			developmentRegion = English;
			hasScannedForEncodings = 1;
			knownRegions = (
				English,
				Japanese,
				French,
				German,
			);
			mainGroup = 08FB7794FE84155DC02AAC07 /* moustachizer */;
			projectDirPath = "";
			projectRoot = "";
			targets = (
				D2AAC0620554660B00DB518D /* moustachizer */,
			);
		};
/* End PBXProject section */

/* Begin PBXSourcesBuildPhase section */
		D2AAC0610554660B00DB518D /* Sources */ = {
			isa = PBXSourcesBuildPhase;
			buildActionMask = 2147483647;
			files = (
				1FA77C3D126A0D72001517EA /* moustachizer.cpp in Sources */,
				1FA77D70126A11A5001517EA /* fhUtils.cpp in Sources */,
				1FA77D72126A11A5001517EA /* Image.cpp in Sources */,
			);
			runOnlyForDeploymentPostprocessing = 0;
		};
/* End PBXSourcesBuildPhase section */

/* Begin XCBuildConfiguration section */
		1DEB914B08733D8E0010E9CD /* Debug */ = {
			isa = XCBuildConfiguration;
			buildSettings = {
				ALWAYS_SEARCH_USER_PATHS = NO;
				COPY_PHASE_STRIP = NO;
				ENABLE_OPENMP_SUPPORT = YES;
				EXECUTABLE_PREFIX = lib;
				GCC_DYNAMIC_NO_PIC = NO;
				GCC_ENABLE_FIX_AND_CONTINUE = YES;
				GCC_MODEL_TUNING = G5;
				GCC_OPTIMIZATION_LEVEL = 0;
				INSTALL_PATH = /usr/local/lib;
				LIBRARY_SEARCH_PATHS = (
					"$(inherited)",
					"\"$(SRCROOT)/../unlogo/lib\"",
					"\"$(SRCROOT)/../../lib\"",
					"\"$(SRCROOT)/../../dist/opencv2.1/3rdparty/lib\"",
				);
				PRODUCT_NAME = moustachizer;
			};
			name = Debug;
		};
		1DEB914C08733D8E0010E9CD /* Release */ = {
			isa = XCBuildConfiguration;
			buildSettings = {
				ALWAYS_SEARCH_USER_PATHS = NO;
				DEBUG_INFORMATION_FORMAT = "dwarf-with-dsym";
				ENABLE_OPENMP_SUPPORT = YES;
				EXECUTABLE_PREFIX = lib;
				GCC_MODEL_TUNING = G5;
				INSTALL_PATH = /usr/local/lib;
				LIBRARY_SEARCH_PATHS = (
					"$(inherited)",
					"\"$(SRCROOT)/../unlogo/lib\"",
					"\"$(SRCROOT)/../../lib\"",
					"\"$(SRCROOT)/../../dist/opencv2.1/3rdparty/lib\"",
				);
				PRODUCT_NAME = moustachizer;
			};
			name = Release;
		};
		1DEB914F08733D8E0010E9CD /* Debug */ = {
			isa = XCBuildConfiguration;
			buildSettings = {
				ARCHS = "$(ARCHS_STANDARD_32_64_BIT)";
				GCC_C_LANGUAGE_STANDARD = gnu99;
				GCC_OPTIMIZATION_LEVEL = 0;
				GCC_WARN_ABOUT_RETURN_TYPE = YES;
				GCC_WARN_UNUSED_VARIABLE = YES;
				HEADER_SEARCH_PATHS = (
					"\"$(SRCROOT)/../../include\"",
					"\"$(SRCROOT)/../../include/opencv\"",
				);
				ONLY_ACTIVE_ARCH = YES;
				PREBINDING = NO;
				SDKROOT = macosx10.6;
			};
			name = Debug;
		};
		1DEB915008733D8E0010E9CD /* Release */ = {
			isa = XCBuildConfiguration;
			buildSettings = {
				ARCHS = "$(ARCHS_STANDARD_32_64_BIT)";
				GCC_C_LANGUAGE_STANDARD = gnu99;
				GCC_WARN_ABOUT_RETURN_TYPE = YES;
				GCC_WARN_UNUSED_VARIABLE = YES;
				HEADER_SEARCH_PATHS = (
					"\"$(SRCROOT)/../../include\"",
					"\"$(SRCROOT)/../../include/opencv\"",
				);
				PREBINDING = NO;
				SDKROOT = macosx10.6;
			};
			name = Release;
		};
/* End XCBuildConfiguration section */

/* Begin XCConfigurationList section */
		1DEB914A08733D8E0010E9CD /* Build configuration list for PBXNativeTarget "moustachizer" */ = {
			isa = XCConfigurationList;
			buildConfigurations = (
				1DEB914B08733D8E0010E9CD /* Debug */,
				1DEB914C08733D8E0010E9CD /* Release */,
			);
			defaultConfigurationIsVisible = 0;
			defaultConfigurationName = Release;
		};
		1DEB914E08733D8E0010E9CD /* Build configuration list for PBXProject "moustachizer" */ = {
			isa = XCConfigurationList;
			buildConfigurations = (
				1DEB914F08733D8E0010E9CD /* Debug */,
				1DEB915008733D8E0010E9CD /* Release */,
			);
			defaultConfigurationIsVisible = 0;
			defaultConfigurationName = Release;
		};
/* End XCConfigurationList section */
	};
	rootObject = 08FB7793FE84155DC02AAC07 /* Project object */;
}
